// !$*UTF8*$!
{
	archiveVersion = 1;
	classes = {
	};
	objectVersion = 46;
	objects = {

/* Begin PBXBuildFile section */
		BC2183961ACA5F7600628F2A /* ExtensionDemoKit.h in Headers */ = {isa = PBXBuildFile; fileRef = BC2183951ACA5F7600628F2A /* ExtensionDemoKit.h */; settings = {ATTRIBUTES = (Public, ); }; };
		BC21839C1ACA5F7600628F2A /* ExtensionDemoKit.framework in Frameworks */ = {isa = PBXBuildFile; fileRef = BC2183911ACA5F7600628F2A /* ExtensionDemoKit.framework */; };
		BC2183A51ACA5F7600628F2A /* ExtensionDemoKitTests.m in Sources */ = {isa = PBXBuildFile; fileRef = BC2183A41ACA5F7600628F2A /* ExtensionDemoKitTests.m */; };
		BC2183A81ACA5F7600628F2A /* ExtensionDemoKit.framework in Frameworks */ = {isa = PBXBuildFile; fileRef = BC2183911ACA5F7600628F2A /* ExtensionDemoKit.framework */; };
		BC2183A91ACA5F7600628F2A /* ExtensionDemoKit.framework in Embed Frameworks */ = {isa = PBXBuildFile; fileRef = BC2183911ACA5F7600628F2A /* ExtensionDemoKit.framework */; settings = {ATTRIBUTES = (CodeSignOnCopy, RemoveHeadersOnCopy, ); }; };
		BC2183B01ACA5FAE00628F2A /* ExtensionDemoKit.framework in Frameworks */ = {isa = PBXBuildFile; fileRef = BC2183911ACA5F7600628F2A /* ExtensionDemoKit.framework */; };
		BC2183BD1ACA60D700628F2A /* BXExtensionSystemMessage.h in Headers */ = {isa = PBXBuildFile; fileRef = BC2183BB1ACA60D700628F2A /* BXExtensionSystemMessage.h */; settings = {ATTRIBUTES = (Public, ); }; };
		BC2183BE1ACA60D700628F2A /* BXExtensionSystemMessage.m in Sources */ = {isa = PBXBuildFile; fileRef = BC2183BC1ACA60D700628F2A /* BXExtensionSystemMessage.m */; };
		BC2183C71ACA63F600628F2A /* BXSharedUserDefaultsManager.h in Headers */ = {isa = PBXBuildFile; fileRef = BC2183C51ACA63F600628F2A /* BXSharedUserDefaultsManager.h */; settings = {ATTRIBUTES = (Public, ); }; };
		BC2183C81ACA63F600628F2A /* BXSharedUserDefaultsManager.m in Sources */ = {isa = PBXBuildFile; fileRef = BC2183C61ACA63F600628F2A /* BXSharedUserDefaultsManager.m */; };
		BCA4E5E51AC46DE8007C1B71 /* main.m in Sources */ = {isa = PBXBuildFile; fileRef = BCA4E5E41AC46DE8007C1B71 /* main.m */; };
		BCA4E5E81AC46DE8007C1B71 /* AppDelegate.m in Sources */ = {isa = PBXBuildFile; fileRef = BCA4E5E71AC46DE8007C1B71 /* AppDelegate.m */; };
		BCA4E5EB1AC46DE8007C1B71 /* ViewController.m in Sources */ = {isa = PBXBuildFile; fileRef = BCA4E5EA1AC46DE8007C1B71 /* ViewController.m */; };
		BCA4E5EE1AC46DE8007C1B71 /* Main.storyboard in Resources */ = {isa = PBXBuildFile; fileRef = BCA4E5EC1AC46DE8007C1B71 /* Main.storyboard */; };
		BCA4E5F01AC46DE8007C1B71 /* Images.xcassets in Resources */ = {isa = PBXBuildFile; fileRef = BCA4E5EF1AC46DE8007C1B71 /* Images.xcassets */; };
		BCA4E5F31AC46DE8007C1B71 /* LaunchScreen.xib in Resources */ = {isa = PBXBuildFile; fileRef = BCA4E5F11AC46DE8007C1B71 /* LaunchScreen.xib */; };
		BCA4E5FF1AC46DE8007C1B71 /* BXiOSExtensionDemoTests.m in Sources */ = {isa = PBXBuildFile; fileRef = BCA4E5FE1AC46DE8007C1B71 /* BXiOSExtensionDemoTests.m */; };
		BCA4E60F1AC46E01007C1B71 /* NotificationCenter.framework in Frameworks */ = {isa = PBXBuildFile; fileRef = BCA4E60E1AC46E01007C1B71 /* NotificationCenter.framework */; };
		BCA4E6151AC46E01007C1B71 /* TodayViewController.m in Sources */ = {isa = PBXBuildFile; fileRef = BCA4E6141AC46E01007C1B71 /* TodayViewController.m */; };
		BCA4E6171AC46E01007C1B71 /* MainInterface.storyboard in Resources */ = {isa = PBXBuildFile; fileRef = BCA4E6161AC46E01007C1B71 /* MainInterface.storyboard */; };
		BCA4E61A1AC46E01007C1B71 /* BXTodayExtension.appex in Embed App Extensions */ = {isa = PBXBuildFile; fileRef = BCA4E60C1AC46E01007C1B71 /* BXTodayExtension.appex */; settings = {ATTRIBUTES = (RemoveHeadersOnCopy, ); }; };
		BCA4E6411AC95D79007C1B71 /* TodayExtensionDemoKit.h in Headers */ = {isa = PBXBuildFile; fileRef = BCA4E6401AC95D79007C1B71 /* TodayExtensionDemoKit.h */; settings = {ATTRIBUTES = (Public, ); }; };
		BCA4E6471AC95D79007C1B71 /* TodayExtensionDemoKit.framework in Frameworks */ = {isa = PBXBuildFile; fileRef = BCA4E63C1AC95D78007C1B71 /* TodayExtensionDemoKit.framework */; };
		BCA4E6501AC95D79007C1B71 /* TodayExtensionDemoKitTests.m in Sources */ = {isa = PBXBuildFile; fileRef = BCA4E64F1AC95D79007C1B71 /* TodayExtensionDemoKitTests.m */; };
		BCA4E6531AC95D79007C1B71 /* TodayExtensionDemoKit.framework in Frameworks */ = {isa = PBXBuildFile; fileRef = BCA4E63C1AC95D78007C1B71 /* TodayExtensionDemoKit.framework */; };
		BCA4E6541AC95D79007C1B71 /* TodayExtensionDemoKit.framework in Embed Frameworks */ = {isa = PBXBuildFile; fileRef = BCA4E63C1AC95D78007C1B71 /* TodayExtensionDemoKit.framework */; settings = {ATTRIBUTES = (CodeSignOnCopy, RemoveHeadersOnCopy, ); }; };
		BCA4E65F1AC95EF6007C1B71 /* TodayExtensionDemoKit.framework in Frameworks */ = {isa = PBXBuildFile; fileRef = BCA4E63C1AC95D78007C1B71 /* TodayExtensionDemoKit.framework */; };
		BCD1DCB71ACCF53A0022F47C /* ControlTodayViewDisplay.h in Headers */ = {isa = PBXBuildFile; fileRef = BCD1DCB51ACCF53A0022F47C /* ControlTodayViewDisplay.h */; settings = {ATTRIBUTES = (Public, ); }; };
		BCD1DCB81ACCF53A0022F47C /* ControlTodayViewDisplay.m in Sources */ = {isa = PBXBuildFile; fileRef = BCD1DCB61ACCF53A0022F47C /* ControlTodayViewDisplay.m */; };
		BCD1DCB91ACD16E30022F47C /* ExtensionDemoKit.framework in Frameworks */ = {isa = PBXBuildFile; fileRef = BC2183911ACA5F7600628F2A /* ExtensionDemoKit.framework */; };
		BCD1DCBC1ACD41E00022F47C /* BXWeatherViewController.m in Sources */ = {isa = PBXBuildFile; fileRef = BCD1DCBB1ACD41E00022F47C /* BXWeatherViewController.m */; };
		BCD1DCBF1ACD41EC0022F47C /* BXImageViewController.m in Sources */ = {isa = PBXBuildFile; fileRef = BCD1DCBE1ACD41EC0022F47C /* BXImageViewController.m */; };
		BCD1DCC21ACD42030022F47C /* BXCameraViewController.m in Sources */ = {isa = PBXBuildFile; fileRef = BCD1DCC11ACD42030022F47C /* BXCameraViewController.m */; };
		BCD1DCC41ACD4A860022F47C /* 屏幕快照 2015-04-02 17.58.57.png in Resources */ = {isa = PBXBuildFile; fileRef = BCD1DCC31ACD4A860022F47C /* 屏幕快照 2015-04-02 17.58.57.png */; };
		BCD1DD061ACD6F100022F47C /* ShareViewController.m in Sources */ = {isa = PBXBuildFile; fileRef = BCD1DD051ACD6F100022F47C /* ShareViewController.m */; };
		BCD1DD081ACD6F100022F47C /* MainInterface.storyboard in Resources */ = {isa = PBXBuildFile; fileRef = BCD1DD071ACD6F100022F47C /* MainInterface.storyboard */; };
		BCD1DD0B1ACD6F100022F47C /* BXShareExtension.appex in Embed App Extensions */ = {isa = PBXBuildFile; fileRef = BCD1DD001ACD6F100022F47C /* BXShareExtension.appex */; settings = {ATTRIBUTES = (RemoveHeadersOnCopy, ); }; };
		BCD1DD101ACD85590022F47C /* MobileCoreServices.framework in Frameworks */ = {isa = PBXBuildFile; fileRef = BCD1DD0F1ACD85590022F47C /* MobileCoreServices.framework */; };
		BCD1DD111ACD8BDE0022F47C /* ExtensionDemoKit.framework in Frameworks */ = {isa = PBXBuildFile; fileRef = BC2183911ACA5F7600628F2A /* ExtensionDemoKit.framework */; };
		BCD1DD1D1ACDA7F50022F47C /* ActionViewController.m in Sources */ = {isa = PBXBuildFile; fileRef = BCD1DD1C1ACDA7F50022F47C /* ActionViewController.m */; };
		BCD1DD1F1ACDA7F50022F47C /* MainInterface.storyboard in Resources */ = {isa = PBXBuildFile; fileRef = BCD1DD1E1ACDA7F50022F47C /* MainInterface.storyboard */; };
		BCD1DD221ACDA7F50022F47C /* BXActionExtension.appex in Embed App Extensions */ = {isa = PBXBuildFile; fileRef = BCD1DD171ACDA7F50022F47C /* BXActionExtension.appex */; settings = {ATTRIBUTES = (RemoveHeadersOnCopy, ); }; };
		BCD1DD281ACDAAC50022F47C /* BXActionViewController.m in Sources */ = {isa = PBXBuildFile; fileRef = BCD1DD271ACDAAC50022F47C /* BXActionViewController.m */; };
		BCD1DD2A1ACDAC820022F47C /* AVFoundation.framework in Frameworks */ = {isa = PBXBuildFile; fileRef = BCD1DD291ACDAC820022F47C /* AVFoundation.framework */; };
		BCD1DD311ACDB1290022F47C /* PhotosUI.framework in Frameworks */ = {isa = PBXBuildFile; fileRef = BCD1DD301ACDB1290022F47C /* PhotosUI.framework */; };
		BCD1DD331ACDB1290022F47C /* Photos.framework in Frameworks */ = {isa = PBXBuildFile; fileRef = BCD1DD321ACDB1290022F47C /* Photos.framework */; };
		BCD1DD391ACDB1290022F47C /* PhotoEditingViewController.m in Sources */ = {isa = PBXBuildFile; fileRef = BCD1DD381ACDB1290022F47C /* PhotoEditingViewController.m */; };
		BCD1DD3B1ACDB1290022F47C /* MainInterface.storyboard in Resources */ = {isa = PBXBuildFile; fileRef = BCD1DD3A1ACDB1290022F47C /* MainInterface.storyboard */; };
		BCD1DD3E1ACDB1290022F47C /* BXPhotoEditingExtension.appex in Embed App Extensions */ = {isa = PBXBuildFile; fileRef = BCD1DD2F1ACDB1290022F47C /* BXPhotoEditingExtension.appex */; settings = {ATTRIBUTES = (RemoveHeadersOnCopy, ); }; };
		BCD1DD721ACDBF9C0022F47C /* BXImageProgress.m in Sources */ = {isa = PBXBuildFile; fileRef = BCD1DD711ACDBF9C0022F47C /* BXImageProgress.m */; };
		BCEF0B301ACE36E6002ECAF4 /* DocumentPickerViewController.m in Sources */ = {isa = PBXBuildFile; fileRef = BCEF0B2F1ACE36E6002ECAF4 /* DocumentPickerViewController.m */; };
		BCEF0B321ACE36E6002ECAF4 /* MainInterface.storyboard in Resources */ = {isa = PBXBuildFile; fileRef = BCEF0B311ACE36E6002ECAF4 /* MainInterface.storyboard */; };
		BCEF0B3E1ACE36E6002ECAF4 /* FileProvider.m in Sources */ = {isa = PBXBuildFile; fileRef = BCEF0B3D1ACE36E6002ECAF4 /* FileProvider.m */; };
		BCEF0B411ACE36E6002ECAF4 /* BXProviderExtensionFileProvider.appex in Embed App Extensions */ = {isa = PBXBuildFile; fileRef = BCEF0B371ACE36E6002ECAF4 /* BXProviderExtensionFileProvider.appex */; settings = {ATTRIBUTES = (RemoveHeadersOnCopy, ); }; };
		BCEF0B441ACE36E7002ECAF4 /* BXProviderExtension.appex in Embed App Extensions */ = {isa = PBXBuildFile; fileRef = BCEF0B291ACE36E6002ECAF4 /* BXProviderExtension.appex */; settings = {ATTRIBUTES = (RemoveHeadersOnCopy, ); }; };
		BCEF0B551ACE40CE002ECAF4 /* KeyboardViewController.m in Sources */ = {isa = PBXBuildFile; fileRef = BCEF0B541ACE40CE002ECAF4 /* KeyboardViewController.m */; };
		BCEF0B581ACE40CE002ECAF4 /* BXKeyboardExtension.appex in Embed App Extensions */ = {isa = PBXBuildFile; fileRef = BCEF0B4F1ACE40CE002ECAF4 /* BXKeyboardExtension.appex */; settings = {ATTRIBUTES = (RemoveHeadersOnCopy, ); }; };
/* End PBXBuildFile section */

/* Begin PBXContainerItemProxy section */
		BC21839D1ACA5F7600628F2A /* PBXContainerItemProxy */ = {
			isa = PBXContainerItemProxy;
			containerPortal = BCA4E5D71AC46DE8007C1B71 /* Project object */;
			proxyType = 1;
			remoteGlobalIDString = BC2183901ACA5F7600628F2A;
			remoteInfo = ExtensionDemoKit;
		};
		BC21839F1ACA5F7600628F2A /* PBXContainerItemProxy */ = {
			isa = PBXContainerItemProxy;
			containerPortal = BCA4E5D71AC46DE8007C1B71 /* Project object */;
			proxyType = 1;
			remoteGlobalIDString = BCA4E5DE1AC46DE8007C1B71;
			remoteInfo = BXiOSExtensionDemo;
		};
		BC2183A61ACA5F7600628F2A /* PBXContainerItemProxy */ = {
			isa = PBXContainerItemProxy;
			containerPortal = BCA4E5D71AC46DE8007C1B71 /* Project object */;
			proxyType = 1;
			remoteGlobalIDString = BC2183901ACA5F7600628F2A;
			remoteInfo = ExtensionDemoKit;
		};
		BC2183B11ACA5FB300628F2A /* PBXContainerItemProxy */ = {
			isa = PBXContainerItemProxy;
			containerPortal = BCA4E5D71AC46DE8007C1B71 /* Project object */;
			proxyType = 1;
			remoteGlobalIDString = BC2183901ACA5F7600628F2A;
			remoteInfo = ExtensionDemoKit;
		};
		BCA4E5F91AC46DE8007C1B71 /* PBXContainerItemProxy */ = {
			isa = PBXContainerItemProxy;
			containerPortal = BCA4E5D71AC46DE8007C1B71 /* Project object */;
			proxyType = 1;
			remoteGlobalIDString = BCA4E5DE1AC46DE8007C1B71;
			remoteInfo = BXiOSExtensionDemo;
		};
		BCA4E6181AC46E01007C1B71 /* PBXContainerItemProxy */ = {
			isa = PBXContainerItemProxy;
			containerPortal = BCA4E5D71AC46DE8007C1B71 /* Project object */;
			proxyType = 1;
			remoteGlobalIDString = BCA4E60B1AC46E01007C1B71;
			remoteInfo = BXTodayExtension;
		};
		BCA4E6481AC95D79007C1B71 /* PBXContainerItemProxy */ = {
			isa = PBXContainerItemProxy;
			containerPortal = BCA4E5D71AC46DE8007C1B71 /* Project object */;
			proxyType = 1;
			remoteGlobalIDString = BCA4E63B1AC95D78007C1B71;
			remoteInfo = TodayExtensionDemoKit;
		};
		BCA4E64A1AC95D79007C1B71 /* PBXContainerItemProxy */ = {
			isa = PBXContainerItemProxy;
			containerPortal = BCA4E5D71AC46DE8007C1B71 /* Project object */;
			proxyType = 1;
			remoteGlobalIDString = BCA4E5DE1AC46DE8007C1B71;
			remoteInfo = BXiOSExtensionDemo;
		};
		BCA4E6511AC95D79007C1B71 /* PBXContainerItemProxy */ = {
			isa = PBXContainerItemProxy;
			containerPortal = BCA4E5D71AC46DE8007C1B71 /* Project object */;
			proxyType = 1;
			remoteGlobalIDString = BCA4E63B1AC95D78007C1B71;
			remoteInfo = TodayExtensionDemoKit;
		};
		BCA4E65D1AC95E7C007C1B71 /* PBXContainerItemProxy */ = {
			isa = PBXContainerItemProxy;
			containerPortal = BCA4E5D71AC46DE8007C1B71 /* Project object */;
			proxyType = 1;
			remoteGlobalIDString = BCA4E63B1AC95D78007C1B71;
			remoteInfo = TodayExtensionDemoKit;
		};
		BCD1DD091ACD6F100022F47C /* PBXContainerItemProxy */ = {
			isa = PBXContainerItemProxy;
			containerPortal = BCA4E5D71AC46DE8007C1B71 /* Project object */;
			proxyType = 1;
			remoteGlobalIDString = BCD1DCFF1ACD6F100022F47C;
			remoteInfo = BXShareExtension;
		};
		BCD1DD201ACDA7F50022F47C /* PBXContainerItemProxy */ = {
			isa = PBXContainerItemProxy;
			containerPortal = BCA4E5D71AC46DE8007C1B71 /* Project object */;
			proxyType = 1;
			remoteGlobalIDString = BCD1DD161ACDA7F50022F47C;
			remoteInfo = BXActionExtension;
		};
		BCD1DD3C1ACDB1290022F47C /* PBXContainerItemProxy */ = {
			isa = PBXContainerItemProxy;
			containerPortal = BCA4E5D71AC46DE8007C1B71 /* Project object */;
			proxyType = 1;
			remoteGlobalIDString = BCD1DD2E1ACDB1290022F47C;
			remoteInfo = BXPhotoEditingExtension;
		};
		BCEF0B3F1ACE36E6002ECAF4 /* PBXContainerItemProxy */ = {
			isa = PBXContainerItemProxy;
			containerPortal = BCA4E5D71AC46DE8007C1B71 /* Project object */;
			proxyType = 1;
			remoteGlobalIDString = BCEF0B361ACE36E6002ECAF4;
			remoteInfo = BXProviderExtensionFileProvider;
		};
		BCEF0B421ACE36E7002ECAF4 /* PBXContainerItemProxy */ = {
			isa = PBXContainerItemProxy;
			containerPortal = BCA4E5D71AC46DE8007C1B71 /* Project object */;
			proxyType = 1;
			remoteGlobalIDString = BCEF0B281ACE36E6002ECAF4;
			remoteInfo = BXProviderExtension;
		};
		BCEF0B561ACE40CE002ECAF4 /* PBXContainerItemProxy */ = {
			isa = PBXContainerItemProxy;
			containerPortal = BCA4E5D71AC46DE8007C1B71 /* Project object */;
			proxyType = 1;
			remoteGlobalIDString = BCEF0B4E1ACE40CE002ECAF4;
			remoteInfo = BXKeyboardExtension;
		};
/* End PBXContainerItemProxy section */

/* Begin PBXCopyFilesBuildPhase section */
		BCA4E61E1AC46E01007C1B71 /* Embed App Extensions */ = {
			isa = PBXCopyFilesBuildPhase;
			buildActionMask = 2147483647;
			dstPath = "";
			dstSubfolderSpec = 13;
			files = (
				BCD1DD0B1ACD6F100022F47C /* BXShareExtension.appex in Embed App Extensions */,
				BCEF0B441ACE36E7002ECAF4 /* BXProviderExtension.appex in Embed App Extensions */,
				BCA4E61A1AC46E01007C1B71 /* BXTodayExtension.appex in Embed App Extensions */,
				BCD1DD3E1ACDB1290022F47C /* BXPhotoEditingExtension.appex in Embed App Extensions */,
				BCEF0B581ACE40CE002ECAF4 /* BXKeyboardExtension.appex in Embed App Extensions */,
				BCD1DD221ACDA7F50022F47C /* BXActionExtension.appex in Embed App Extensions */,
				BCEF0B411ACE36E6002ECAF4 /* BXProviderExtensionFileProvider.appex in Embed App Extensions */,
			);
			name = "Embed App Extensions";
			runOnlyForDeploymentPostprocessing = 0;
		};
		BCA4E6581AC95D79007C1B71 /* Embed Frameworks */ = {
			isa = PBXCopyFilesBuildPhase;
			buildActionMask = 2147483647;
			dstPath = "";
			dstSubfolderSpec = 10;
			files = (
				BC2183A91ACA5F7600628F2A /* ExtensionDemoKit.framework in Embed Frameworks */,
				BCA4E6541AC95D79007C1B71 /* TodayExtensionDemoKit.framework in Embed Frameworks */,
			);
			name = "Embed Frameworks";
			runOnlyForDeploymentPostprocessing = 0;
		};
/* End PBXCopyFilesBuildPhase section */

/* Begin PBXFileReference section */
		BC2183911ACA5F7600628F2A /* ExtensionDemoKit.framework */ = {isa = PBXFileReference; explicitFileType = wrapper.framework; includeInIndex = 0; path = ExtensionDemoKit.framework; sourceTree = BUILT_PRODUCTS_DIR; };
		BC2183941ACA5F7600628F2A /* Info.plist */ = {isa = PBXFileReference; lastKnownFileType = text.plist.xml; path = Info.plist; sourceTree = "<group>"; };
		BC2183951ACA5F7600628F2A /* ExtensionDemoKit.h */ = {isa = PBXFileReference; lastKnownFileType = sourcecode.c.h; path = ExtensionDemoKit.h; sourceTree = "<group>"; };
		BC21839B1ACA5F7600628F2A /* ExtensionDemoKitTests.xctest */ = {isa = PBXFileReference; explicitFileType = wrapper.cfbundle; includeInIndex = 0; path = ExtensionDemoKitTests.xctest; sourceTree = BUILT_PRODUCTS_DIR; };
		BC2183A31ACA5F7600628F2A /* Info.plist */ = {isa = PBXFileReference; lastKnownFileType = text.plist.xml; path = Info.plist; sourceTree = "<group>"; };
		BC2183A41ACA5F7600628F2A /* ExtensionDemoKitTests.m */ = {isa = PBXFileReference; lastKnownFileType = sourcecode.c.objc; path = ExtensionDemoKitTests.m; sourceTree = "<group>"; };
		BC2183BB1ACA60D700628F2A /* BXExtensionSystemMessage.h */ = {isa = PBXFileReference; fileEncoding = 4; lastKnownFileType = sourcecode.c.h; path = BXExtensionSystemMessage.h; sourceTree = "<group>"; };
		BC2183BC1ACA60D700628F2A /* BXExtensionSystemMessage.m */ = {isa = PBXFileReference; fileEncoding = 4; lastKnownFileType = sourcecode.c.objc; path = BXExtensionSystemMessage.m; sourceTree = "<group>"; };
		BC2183C51ACA63F600628F2A /* BXSharedUserDefaultsManager.h */ = {isa = PBXFileReference; fileEncoding = 4; lastKnownFileType = sourcecode.c.h; path = BXSharedUserDefaultsManager.h; sourceTree = "<group>"; };
		BC2183C61ACA63F600628F2A /* BXSharedUserDefaultsManager.m */ = {isa = PBXFileReference; fileEncoding = 4; lastKnownFileType = sourcecode.c.objc; path = BXSharedUserDefaultsManager.m; sourceTree = "<group>"; };
		BCA4E5DF1AC46DE8007C1B71 /* BXiOSExtensionDemo.app */ = {isa = PBXFileReference; explicitFileType = wrapper.application; includeInIndex = 0; path = BXiOSExtensionDemo.app; sourceTree = BUILT_PRODUCTS_DIR; };
		BCA4E5E31AC46DE8007C1B71 /* Info.plist */ = {isa = PBXFileReference; lastKnownFileType = text.plist.xml; path = Info.plist; sourceTree = "<group>"; };
		BCA4E5E41AC46DE8007C1B71 /* main.m */ = {isa = PBXFileReference; lastKnownFileType = sourcecode.c.objc; path = main.m; sourceTree = "<group>"; };
		BCA4E5E61AC46DE8007C1B71 /* AppDelegate.h */ = {isa = PBXFileReference; lastKnownFileType = sourcecode.c.h; path = AppDelegate.h; sourceTree = "<group>"; };
		BCA4E5E71AC46DE8007C1B71 /* AppDelegate.m */ = {isa = PBXFileReference; lastKnownFileType = sourcecode.c.objc; path = AppDelegate.m; sourceTree = "<group>"; };
		BCA4E5E91AC46DE8007C1B71 /* ViewController.h */ = {isa = PBXFileReference; lastKnownFileType = sourcecode.c.h; path = ViewController.h; sourceTree = "<group>"; };
		BCA4E5EA1AC46DE8007C1B71 /* ViewController.m */ = {isa = PBXFileReference; lastKnownFileType = sourcecode.c.objc; path = ViewController.m; sourceTree = "<group>"; };
		BCA4E5ED1AC46DE8007C1B71 /* Base */ = {isa = PBXFileReference; lastKnownFileType = file.storyboard; name = Base; path = Base.lproj/Main.storyboard; sourceTree = "<group>"; };
		BCA4E5EF1AC46DE8007C1B71 /* Images.xcassets */ = {isa = PBXFileReference; lastKnownFileType = folder.assetcatalog; path = Images.xcassets; sourceTree = "<group>"; };
		BCA4E5F21AC46DE8007C1B71 /* Base */ = {isa = PBXFileReference; lastKnownFileType = file.xib; name = Base; path = Base.lproj/LaunchScreen.xib; sourceTree = "<group>"; };
		BCA4E5F81AC46DE8007C1B71 /* BXiOSExtensionDemoTests.xctest */ = {isa = PBXFileReference; explicitFileType = wrapper.cfbundle; includeInIndex = 0; path = BXiOSExtensionDemoTests.xctest; sourceTree = BUILT_PRODUCTS_DIR; };
		BCA4E5FD1AC46DE8007C1B71 /* Info.plist */ = {isa = PBXFileReference; lastKnownFileType = text.plist.xml; path = Info.plist; sourceTree = "<group>"; };
		BCA4E5FE1AC46DE8007C1B71 /* BXiOSExtensionDemoTests.m */ = {isa = PBXFileReference; lastKnownFileType = sourcecode.c.objc; path = BXiOSExtensionDemoTests.m; sourceTree = "<group>"; };
		BCA4E60C1AC46E01007C1B71 /* BXTodayExtension.appex */ = {isa = PBXFileReference; explicitFileType = "wrapper.app-extension"; includeInIndex = 0; path = BXTodayExtension.appex; sourceTree = BUILT_PRODUCTS_DIR; };
		BCA4E60E1AC46E01007C1B71 /* NotificationCenter.framework */ = {isa = PBXFileReference; lastKnownFileType = wrapper.framework; name = NotificationCenter.framework; path = System/Library/Frameworks/NotificationCenter.framework; sourceTree = SDKROOT; };
		BCA4E6121AC46E01007C1B71 /* Info.plist */ = {isa = PBXFileReference; lastKnownFileType = text.plist.xml; path = Info.plist; sourceTree = "<group>"; };
		BCA4E6131AC46E01007C1B71 /* TodayViewController.h */ = {isa = PBXFileReference; lastKnownFileType = sourcecode.c.h; path = TodayViewController.h; sourceTree = "<group>"; };
		BCA4E6141AC46E01007C1B71 /* TodayViewController.m */ = {isa = PBXFileReference; lastKnownFileType = sourcecode.c.objc; path = TodayViewController.m; sourceTree = "<group>"; };
		BCA4E6161AC46E01007C1B71 /* MainInterface.storyboard */ = {isa = PBXFileReference; lastKnownFileType = file.storyboard; path = MainInterface.storyboard; sourceTree = "<group>"; };
		BCA4E61F1AC46E13007C1B71 /* BXiOSExtensionDemo.entitlements */ = {isa = PBXFileReference; lastKnownFileType = text.xml; path = BXiOSExtensionDemo.entitlements; sourceTree = "<group>"; };
		BCA4E6201AC46E6A007C1B71 /* BXTodayExtension.entitlements */ = {isa = PBXFileReference; lastKnownFileType = text.xml; path = BXTodayExtension.entitlements; sourceTree = "<group>"; };
		BCA4E63C1AC95D78007C1B71 /* TodayExtensionDemoKit.framework */ = {isa = PBXFileReference; explicitFileType = wrapper.framework; includeInIndex = 0; path = TodayExtensionDemoKit.framework; sourceTree = BUILT_PRODUCTS_DIR; };
		BCA4E63F1AC95D78007C1B71 /* Info.plist */ = {isa = PBXFileReference; lastKnownFileType = text.plist.xml; path = Info.plist; sourceTree = "<group>"; };
		BCA4E6401AC95D79007C1B71 /* TodayExtensionDemoKit.h */ = {isa = PBXFileReference; lastKnownFileType = sourcecode.c.h; path = TodayExtensionDemoKit.h; sourceTree = "<group>"; };
		BCA4E6461AC95D79007C1B71 /* TodayExtensionDemoKitTests.xctest */ = {isa = PBXFileReference; explicitFileType = wrapper.cfbundle; includeInIndex = 0; path = TodayExtensionDemoKitTests.xctest; sourceTree = BUILT_PRODUCTS_DIR; };
		BCA4E64E1AC95D79007C1B71 /* Info.plist */ = {isa = PBXFileReference; lastKnownFileType = text.plist.xml; path = Info.plist; sourceTree = "<group>"; };
		BCA4E64F1AC95D79007C1B71 /* TodayExtensionDemoKitTests.m */ = {isa = PBXFileReference; lastKnownFileType = sourcecode.c.objc; path = TodayExtensionDemoKitTests.m; sourceTree = "<group>"; };
		BCD1DCB51ACCF53A0022F47C /* ControlTodayViewDisplay.h */ = {isa = PBXFileReference; fileEncoding = 4; lastKnownFileType = sourcecode.c.h; path = ControlTodayViewDisplay.h; sourceTree = "<group>"; };
		BCD1DCB61ACCF53A0022F47C /* ControlTodayViewDisplay.m */ = {isa = PBXFileReference; fileEncoding = 4; lastKnownFileType = sourcecode.c.objc; path = ControlTodayViewDisplay.m; sourceTree = "<group>"; };
		BCD1DCBA1ACD41E00022F47C /* BXWeatherViewController.h */ = {isa = PBXFileReference; fileEncoding = 4; lastKnownFileType = sourcecode.c.h; path = BXWeatherViewController.h; sourceTree = "<group>"; };
		BCD1DCBB1ACD41E00022F47C /* BXWeatherViewController.m */ = {isa = PBXFileReference; fileEncoding = 4; lastKnownFileType = sourcecode.c.objc; path = BXWeatherViewController.m; sourceTree = "<group>"; };
		BCD1DCBD1ACD41EC0022F47C /* BXImageViewController.h */ = {isa = PBXFileReference; fileEncoding = 4; lastKnownFileType = sourcecode.c.h; path = BXImageViewController.h; sourceTree = "<group>"; };
		BCD1DCBE1ACD41EC0022F47C /* BXImageViewController.m */ = {isa = PBXFileReference; fileEncoding = 4; lastKnownFileType = sourcecode.c.objc; path = BXImageViewController.m; sourceTree = "<group>"; };
		BCD1DCC01ACD42030022F47C /* BXCameraViewController.h */ = {isa = PBXFileReference; fileEncoding = 4; lastKnownFileType = sourcecode.c.h; path = BXCameraViewController.h; sourceTree = "<group>"; };
		BCD1DCC11ACD42030022F47C /* BXCameraViewController.m */ = {isa = PBXFileReference; fileEncoding = 4; lastKnownFileType = sourcecode.c.objc; path = BXCameraViewController.m; sourceTree = "<group>"; };
		BCD1DCC31ACD4A860022F47C /* 屏幕快照 2015-04-02 17.58.57.png */ = {isa = PBXFileReference; lastKnownFileType = image.png; path = "屏幕快照 2015-04-02 17.58.57.png"; sourceTree = "<group>"; };
		BCD1DCC51ACD66D10022F47C /* libsqlite3.0.dylib */ = {isa = PBXFileReference; lastKnownFileType = "compiled.mach-o.dylib"; name = libsqlite3.0.dylib; path = usr/lib/libsqlite3.0.dylib; sourceTree = SDKROOT; };
		BCD1DD001ACD6F100022F47C /* BXShareExtension.appex */ = {isa = PBXFileReference; explicitFileType = "wrapper.app-extension"; includeInIndex = 0; path = BXShareExtension.appex; sourceTree = BUILT_PRODUCTS_DIR; };
		BCD1DD031ACD6F100022F47C /* Info.plist */ = {isa = PBXFileReference; lastKnownFileType = text.plist.xml; path = Info.plist; sourceTree = "<group>"; };
		BCD1DD041ACD6F100022F47C /* ShareViewController.h */ = {isa = PBXFileReference; lastKnownFileType = sourcecode.c.h; path = ShareViewController.h; sourceTree = "<group>"; };
		BCD1DD051ACD6F100022F47C /* ShareViewController.m */ = {isa = PBXFileReference; lastKnownFileType = sourcecode.c.objc; path = ShareViewController.m; sourceTree = "<group>"; };
		BCD1DD071ACD6F100022F47C /* MainInterface.storyboard */ = {isa = PBXFileReference; lastKnownFileType = file.storyboard; path = MainInterface.storyboard; sourceTree = "<group>"; };
		BCD1DD0F1ACD85590022F47C /* MobileCoreServices.framework */ = {isa = PBXFileReference; lastKnownFileType = wrapper.framework; name = MobileCoreServices.framework; path = System/Library/Frameworks/MobileCoreServices.framework; sourceTree = SDKROOT; };
		BCD1DD121ACD8DE80022F47C /* BXShareExtension.entitlements */ = {isa = PBXFileReference; lastKnownFileType = text.xml; path = BXShareExtension.entitlements; sourceTree = "<group>"; };
		BCD1DD171ACDA7F50022F47C /* BXActionExtension.appex */ = {isa = PBXFileReference; explicitFileType = "wrapper.app-extension"; includeInIndex = 0; path = BXActionExtension.appex; sourceTree = BUILT_PRODUCTS_DIR; };
		BCD1DD1A1ACDA7F50022F47C /* Info.plist */ = {isa = PBXFileReference; lastKnownFileType = text.plist.xml; path = Info.plist; sourceTree = "<group>"; };
		BCD1DD1B1ACDA7F50022F47C /* ActionViewController.h */ = {isa = PBXFileReference; lastKnownFileType = sourcecode.c.h; path = ActionViewController.h; sourceTree = "<group>"; };
		BCD1DD1C1ACDA7F50022F47C /* ActionViewController.m */ = {isa = PBXFileReference; lastKnownFileType = sourcecode.c.objc; path = ActionViewController.m; sourceTree = "<group>"; };
		BCD1DD1E1ACDA7F50022F47C /* MainInterface.storyboard */ = {isa = PBXFileReference; lastKnownFileType = file.storyboard; path = MainInterface.storyboard; sourceTree = "<group>"; };
		BCD1DD261ACDAAC50022F47C /* BXActionViewController.h */ = {isa = PBXFileReference; fileEncoding = 4; lastKnownFileType = sourcecode.c.h; path = BXActionViewController.h; sourceTree = "<group>"; };
		BCD1DD271ACDAAC50022F47C /* BXActionViewController.m */ = {isa = PBXFileReference; fileEncoding = 4; lastKnownFileType = sourcecode.c.objc; path = BXActionViewController.m; sourceTree = "<group>"; };
		BCD1DD291ACDAC820022F47C /* AVFoundation.framework */ = {isa = PBXFileReference; lastKnownFileType = wrapper.framework; name = AVFoundation.framework; path = System/Library/Frameworks/AVFoundation.framework; sourceTree = SDKROOT; };
		BCD1DD2F1ACDB1290022F47C /* BXPhotoEditingExtension.appex */ = {isa = PBXFileReference; explicitFileType = "wrapper.app-extension"; includeInIndex = 0; path = BXPhotoEditingExtension.appex; sourceTree = BUILT_PRODUCTS_DIR; };
		BCD1DD301ACDB1290022F47C /* PhotosUI.framework */ = {isa = PBXFileReference; lastKnownFileType = wrapper.framework; name = PhotosUI.framework; path = System/Library/Frameworks/PhotosUI.framework; sourceTree = SDKROOT; };
		BCD1DD321ACDB1290022F47C /* Photos.framework */ = {isa = PBXFileReference; lastKnownFileType = wrapper.framework; name = Photos.framework; path = System/Library/Frameworks/Photos.framework; sourceTree = SDKROOT; };
		BCD1DD361ACDB1290022F47C /* Info.plist */ = {isa = PBXFileReference; lastKnownFileType = text.plist.xml; path = Info.plist; sourceTree = "<group>"; };
		BCD1DD371ACDB1290022F47C /* PhotoEditingViewController.h */ = {isa = PBXFileReference; lastKnownFileType = sourcecode.c.h; path = PhotoEditingViewController.h; sourceTree = "<group>"; };
		BCD1DD381ACDB1290022F47C /* PhotoEditingViewController.m */ = {isa = PBXFileReference; lastKnownFileType = sourcecode.c.objc; path = PhotoEditingViewController.m; sourceTree = "<group>"; };
		BCD1DD3A1ACDB1290022F47C /* MainInterface.storyboard */ = {isa = PBXFileReference; lastKnownFileType = file.storyboard; path = MainInterface.storyboard; sourceTree = "<group>"; };
		BCD1DD701ACDBF9C0022F47C /* BXImageProgress.h */ = {isa = PBXFileReference; fileEncoding = 4; lastKnownFileType = sourcecode.c.h; path = BXImageProgress.h; sourceTree = "<group>"; };
		BCD1DD711ACDBF9C0022F47C /* BXImageProgress.m */ = {isa = PBXFileReference; fileEncoding = 4; lastKnownFileType = sourcecode.c.objc; path = BXImageProgress.m; sourceTree = "<group>"; };
		BCEF0B291ACE36E6002ECAF4 /* BXProviderExtension.appex */ = {isa = PBXFileReference; explicitFileType = "wrapper.app-extension"; includeInIndex = 0; path = BXProviderExtension.appex; sourceTree = BUILT_PRODUCTS_DIR; };
		BCEF0B2C1ACE36E6002ECAF4 /* Info.plist */ = {isa = PBXFileReference; lastKnownFileType = text.plist.xml; path = Info.plist; sourceTree = "<group>"; };
		BCEF0B2D1ACE36E6002ECAF4 /* BXProviderExtension.entitlements */ = {isa = PBXFileReference; lastKnownFileType = text.xml; path = BXProviderExtension.entitlements; sourceTree = "<group>"; };
		BCEF0B2E1ACE36E6002ECAF4 /* DocumentPickerViewController.h */ = {isa = PBXFileReference; lastKnownFileType = sourcecode.c.h; path = DocumentPickerViewController.h; sourceTree = "<group>"; };
		BCEF0B2F1ACE36E6002ECAF4 /* DocumentPickerViewController.m */ = {isa = PBXFileReference; lastKnownFileType = sourcecode.c.objc; path = DocumentPickerViewController.m; sourceTree = "<group>"; };
		BCEF0B311ACE36E6002ECAF4 /* MainInterface.storyboard */ = {isa = PBXFileReference; lastKnownFileType = file.storyboard; path = MainInterface.storyboard; sourceTree = "<group>"; };
		BCEF0B371ACE36E6002ECAF4 /* BXProviderExtensionFileProvider.appex */ = {isa = PBXFileReference; explicitFileType = "wrapper.app-extension"; includeInIndex = 0; path = BXProviderExtensionFileProvider.appex; sourceTree = BUILT_PRODUCTS_DIR; };
		BCEF0B3A1ACE36E6002ECAF4 /* Info.plist */ = {isa = PBXFileReference; lastKnownFileType = text.plist.xml; path = Info.plist; sourceTree = "<group>"; };
		BCEF0B3B1ACE36E6002ECAF4 /* BXProviderExtensionFileProvider.entitlements */ = {isa = PBXFileReference; lastKnownFileType = text.xml; path = BXProviderExtensionFileProvider.entitlements; sourceTree = "<group>"; };
		BCEF0B3C1ACE36E6002ECAF4 /* FileProvider.h */ = {isa = PBXFileReference; lastKnownFileType = sourcecode.c.h; path = FileProvider.h; sourceTree = "<group>"; };
		BCEF0B3D1ACE36E6002ECAF4 /* FileProvider.m */ = {isa = PBXFileReference; lastKnownFileType = sourcecode.c.objc; path = FileProvider.m; sourceTree = "<group>"; };
		BCEF0B4F1ACE40CE002ECAF4 /* BXKeyboardExtension.appex */ = {isa = PBXFileReference; explicitFileType = "wrapper.app-extension"; includeInIndex = 0; path = BXKeyboardExtension.appex; sourceTree = BUILT_PRODUCTS_DIR; };
		BCEF0B521ACE40CE002ECAF4 /* Info.plist */ = {isa = PBXFileReference; lastKnownFileType = text.plist.xml; path = Info.plist; sourceTree = "<group>"; };
		BCEF0B531ACE40CE002ECAF4 /* KeyboardViewController.h */ = {isa = PBXFileReference; lastKnownFileType = sourcecode.c.h; path = KeyboardViewController.h; sourceTree = "<group>"; };
		BCEF0B541ACE40CE002ECAF4 /* KeyboardViewController.m */ = {isa = PBXFileReference; lastKnownFileType = sourcecode.c.objc; path = KeyboardViewController.m; sourceTree = "<group>"; };
/* End PBXFileReference section */

/* Begin PBXFrameworksBuildPhase section */
		BC21838D1ACA5F7600628F2A /* Frameworks */ = {
			isa = PBXFrameworksBuildPhase;
			buildActionMask = 2147483647;
			files = (
			);
			runOnlyForDeploymentPostprocessing = 0;
		};
		BC2183981ACA5F7600628F2A /* Frameworks */ = {
			isa = PBXFrameworksBuildPhase;
			buildActionMask = 2147483647;
			files = (
				BC21839C1ACA5F7600628F2A /* ExtensionDemoKit.framework in Frameworks */,
			);
			runOnlyForDeploymentPostprocessing = 0;
		};
		BCA4E5DC1AC46DE8007C1B71 /* Frameworks */ = {
			isa = PBXFrameworksBuildPhase;
			buildActionMask = 2147483647;
			files = (
				BC2183A81ACA5F7600628F2A /* ExtensionDemoKit.framework in Frameworks */,
				BCA4E6531AC95D79007C1B71 /* TodayExtensionDemoKit.framework in Frameworks */,
			);
			runOnlyForDeploymentPostprocessing = 0;
		};
		BCA4E5F51AC46DE8007C1B71 /* Frameworks */ = {
			isa = PBXFrameworksBuildPhase;
			buildActionMask = 2147483647;
			files = (
			);
			runOnlyForDeploymentPostprocessing = 0;
		};
		BCA4E6091AC46E01007C1B71 /* Frameworks */ = {
			isa = PBXFrameworksBuildPhase;
			buildActionMask = 2147483647;
			files = (
				BC2183B01ACA5FAE00628F2A /* ExtensionDemoKit.framework in Frameworks */,
				BCA4E65F1AC95EF6007C1B71 /* TodayExtensionDemoKit.framework in Frameworks */,
				BCA4E60F1AC46E01007C1B71 /* NotificationCenter.framework in Frameworks */,
			);
			runOnlyForDeploymentPostprocessing = 0;
		};
		BCA4E6381AC95D78007C1B71 /* Frameworks */ = {
			isa = PBXFrameworksBuildPhase;
			buildActionMask = 2147483647;
			files = (
				BCD1DCB91ACD16E30022F47C /* ExtensionDemoKit.framework in Frameworks */,
			);
			runOnlyForDeploymentPostprocessing = 0;
		};
		BCA4E6431AC95D79007C1B71 /* Frameworks */ = {
			isa = PBXFrameworksBuildPhase;
			buildActionMask = 2147483647;
			files = (
				BCA4E6471AC95D79007C1B71 /* TodayExtensionDemoKit.framework in Frameworks */,
			);
			runOnlyForDeploymentPostprocessing = 0;
		};
		BCD1DCFD1ACD6F100022F47C /* Frameworks */ = {
			isa = PBXFrameworksBuildPhase;
			buildActionMask = 2147483647;
			files = (
				BCD1DD111ACD8BDE0022F47C /* ExtensionDemoKit.framework in Frameworks */,
				BCD1DD101ACD85590022F47C /* MobileCoreServices.framework in Frameworks */,
			);
			runOnlyForDeploymentPostprocessing = 0;
		};
		BCD1DD141ACDA7F50022F47C /* Frameworks */ = {
			isa = PBXFrameworksBuildPhase;
			buildActionMask = 2147483647;
			files = (
				BCD1DD2A1ACDAC820022F47C /* AVFoundation.framework in Frameworks */,
			);
			runOnlyForDeploymentPostprocessing = 0;
		};
		BCD1DD2C1ACDB1290022F47C /* Frameworks */ = {
			isa = PBXFrameworksBuildPhase;
			buildActionMask = 2147483647;
			files = (
				BCD1DD311ACDB1290022F47C /* PhotosUI.framework in Frameworks */,
				BCD1DD331ACDB1290022F47C /* Photos.framework in Frameworks */,
			);
			runOnlyForDeploymentPostprocessing = 0;
		};
		BCEF0B261ACE36E6002ECAF4 /* Frameworks */ = {
			isa = PBXFrameworksBuildPhase;
			buildActionMask = 2147483647;
			files = (
			);
			runOnlyForDeploymentPostprocessing = 0;
		};
		BCEF0B341ACE36E6002ECAF4 /* Frameworks */ = {
			isa = PBXFrameworksBuildPhase;
			buildActionMask = 2147483647;
			files = (
			);
			runOnlyForDeploymentPostprocessing = 0;
		};
		BCEF0B4C1ACE40CE002ECAF4 /* Frameworks */ = {
			isa = PBXFrameworksBuildPhase;
			buildActionMask = 2147483647;
			files = (
			);
			runOnlyForDeploymentPostprocessing = 0;
		};
/* End PBXFrameworksBuildPhase section */

/* Begin PBXGroup section */
		BC2183921ACA5F7600628F2A /* ExtensionDemoKit */ = {
			isa = PBXGroup;
			children = (
				BC2183951ACA5F7600628F2A /* ExtensionDemoKit.h */,
				BC2183C51ACA63F600628F2A /* BXSharedUserDefaultsManager.h */,
				BC2183C61ACA63F600628F2A /* BXSharedUserDefaultsManager.m */,
				BC2183BB1ACA60D700628F2A /* BXExtensionSystemMessage.h */,
				BC2183BC1ACA60D700628F2A /* BXExtensionSystemMessage.m */,
				BC2183931ACA5F7600628F2A /* Supporting Files */,
			);
			path = ExtensionDemoKit;
			sourceTree = "<group>";
		};
		BC2183931ACA5F7600628F2A /* Supporting Files */ = {
			isa = PBXGroup;
			children = (
				BC2183941ACA5F7600628F2A /* Info.plist */,
			);
			name = "Supporting Files";
			sourceTree = "<group>";
		};
		BC2183A11ACA5F7600628F2A /* ExtensionDemoKitTests */ = {
			isa = PBXGroup;
			children = (
				BC2183A41ACA5F7600628F2A /* ExtensionDemoKitTests.m */,
				BC2183A21ACA5F7600628F2A /* Supporting Files */,
			);
			path = ExtensionDemoKitTests;
			sourceTree = "<group>";
		};
		BC2183A21ACA5F7600628F2A /* Supporting Files */ = {
			isa = PBXGroup;
			children = (
				BC2183A31ACA5F7600628F2A /* Info.plist */,
			);
			name = "Supporting Files";
			sourceTree = "<group>";
		};
		BCA4E5D61AC46DE8007C1B71 = {
			isa = PBXGroup;
			children = (
				BCA4E5E11AC46DE8007C1B71 /* BXiOSExtensionDemo */,
				BCA4E5FB1AC46DE8007C1B71 /* BXiOSExtensionDemoTests */,
				BCA4E6101AC46E01007C1B71 /* BXTodayExtension */,
				BCA4E63D1AC95D78007C1B71 /* TodayExtensionDemoKit */,
				BCA4E64C1AC95D79007C1B71 /* TodayExtensionDemoKitTests */,
				BC2183921ACA5F7600628F2A /* ExtensionDemoKit */,
				BC2183A11ACA5F7600628F2A /* ExtensionDemoKitTests */,
				BCD1DD011ACD6F100022F47C /* BXShareExtension */,
				BCD1DD181ACDA7F50022F47C /* BXActionExtension */,
				BCD1DD341ACDB1290022F47C /* BXPhotoEditingExtension */,
				BCEF0B2A1ACE36E6002ECAF4 /* BXProviderExtension */,
				BCEF0B381ACE36E6002ECAF4 /* BXProviderExtensionFileProvider */,
				BCEF0B501ACE40CE002ECAF4 /* BXKeyboardExtension */,
				BCA4E60D1AC46E01007C1B71 /* Frameworks */,
				BCA4E5E01AC46DE8007C1B71 /* Products */,
			);
			sourceTree = "<group>";
		};
		BCA4E5E01AC46DE8007C1B71 /* Products */ = {
			isa = PBXGroup;
			children = (
				BCA4E5DF1AC46DE8007C1B71 /* BXiOSExtensionDemo.app */,
				BCA4E5F81AC46DE8007C1B71 /* BXiOSExtensionDemoTests.xctest */,
				BCA4E60C1AC46E01007C1B71 /* BXTodayExtension.appex */,
				BCA4E63C1AC95D78007C1B71 /* TodayExtensionDemoKit.framework */,
				BCA4E6461AC95D79007C1B71 /* TodayExtensionDemoKitTests.xctest */,
				BC2183911ACA5F7600628F2A /* ExtensionDemoKit.framework */,
				BC21839B1ACA5F7600628F2A /* ExtensionDemoKitTests.xctest */,
				BCD1DD001ACD6F100022F47C /* BXShareExtension.appex */,
				BCD1DD171ACDA7F50022F47C /* BXActionExtension.appex */,
				BCD1DD2F1ACDB1290022F47C /* BXPhotoEditingExtension.appex */,
				BCEF0B291ACE36E6002ECAF4 /* BXProviderExtension.appex */,
				BCEF0B371ACE36E6002ECAF4 /* BXProviderExtensionFileProvider.appex */,
				BCEF0B4F1ACE40CE002ECAF4 /* BXKeyboardExtension.appex */,
			);
			name = Products;
			sourceTree = "<group>";
		};
		BCA4E5E11AC46DE8007C1B71 /* BXiOSExtensionDemo */ = {
			isa = PBXGroup;
			children = (
				BCD1DCC31ACD4A860022F47C /* 屏幕快照 2015-04-02 17.58.57.png */,
				BCA4E61F1AC46E13007C1B71 /* BXiOSExtensionDemo.entitlements */,
				BCA4E5E61AC46DE8007C1B71 /* AppDelegate.h */,
				BCA4E5E71AC46DE8007C1B71 /* AppDelegate.m */,
				BCA4E5E91AC46DE8007C1B71 /* ViewController.h */,
				BCA4E5EA1AC46DE8007C1B71 /* ViewController.m */,
				BCD1DCBA1ACD41E00022F47C /* BXWeatherViewController.h */,
				BCD1DCBB1ACD41E00022F47C /* BXWeatherViewController.m */,
				BCD1DCBD1ACD41EC0022F47C /* BXImageViewController.h */,
				BCD1DCBE1ACD41EC0022F47C /* BXImageViewController.m */,
				BCD1DCC01ACD42030022F47C /* BXCameraViewController.h */,
				BCD1DCC11ACD42030022F47C /* BXCameraViewController.m */,
				BCD1DD261ACDAAC50022F47C /* BXActionViewController.h */,
				BCD1DD271ACDAAC50022F47C /* BXActionViewController.m */,
				BCA4E5EC1AC46DE8007C1B71 /* Main.storyboard */,
				BCA4E5EF1AC46DE8007C1B71 /* Images.xcassets */,
				BCA4E5F11AC46DE8007C1B71 /* LaunchScreen.xib */,
				BCA4E5E21AC46DE8007C1B71 /* Supporting Files */,
			);
			path = BXiOSExtensionDemo;
			sourceTree = "<group>";
		};
		BCA4E5E21AC46DE8007C1B71 /* Supporting Files */ = {
			isa = PBXGroup;
			children = (
				BCA4E5E31AC46DE8007C1B71 /* Info.plist */,
				BCA4E5E41AC46DE8007C1B71 /* main.m */,
			);
			name = "Supporting Files";
			sourceTree = "<group>";
		};
		BCA4E5FB1AC46DE8007C1B71 /* BXiOSExtensionDemoTests */ = {
			isa = PBXGroup;
			children = (
				BCA4E5FE1AC46DE8007C1B71 /* BXiOSExtensionDemoTests.m */,
				BCA4E5FC1AC46DE8007C1B71 /* Supporting Files */,
			);
			path = BXiOSExtensionDemoTests;
			sourceTree = "<group>";
		};
		BCA4E5FC1AC46DE8007C1B71 /* Supporting Files */ = {
			isa = PBXGroup;
			children = (
				BCA4E5FD1AC46DE8007C1B71 /* Info.plist */,
			);
			name = "Supporting Files";
			sourceTree = "<group>";
		};
		BCA4E60D1AC46E01007C1B71 /* Frameworks */ = {
			isa = PBXGroup;
			children = (
				BCD1DD291ACDAC820022F47C /* AVFoundation.framework */,
				BCD1DD0F1ACD85590022F47C /* MobileCoreServices.framework */,
				BCD1DCC51ACD66D10022F47C /* libsqlite3.0.dylib */,
				BCA4E60E1AC46E01007C1B71 /* NotificationCenter.framework */,
				BCD1DD301ACDB1290022F47C /* PhotosUI.framework */,
				BCD1DD321ACDB1290022F47C /* Photos.framework */,
			);
			name = Frameworks;
			sourceTree = "<group>";
		};
		BCA4E6101AC46E01007C1B71 /* BXTodayExtension */ = {
			isa = PBXGroup;
			children = (
				BCA4E6201AC46E6A007C1B71 /* BXTodayExtension.entitlements */,
				BCA4E6131AC46E01007C1B71 /* TodayViewController.h */,
				BCA4E6141AC46E01007C1B71 /* TodayViewController.m */,
				BCA4E6161AC46E01007C1B71 /* MainInterface.storyboard */,
				BCA4E6111AC46E01007C1B71 /* Supporting Files */,
			);
			path = BXTodayExtension;
			sourceTree = "<group>";
		};
		BCA4E6111AC46E01007C1B71 /* Supporting Files */ = {
			isa = PBXGroup;
			children = (
				BCA4E6121AC46E01007C1B71 /* Info.plist */,
			);
			name = "Supporting Files";
			sourceTree = "<group>";
		};
		BCA4E63D1AC95D78007C1B71 /* TodayExtensionDemoKit */ = {
			isa = PBXGroup;
			children = (
				BCA4E6401AC95D79007C1B71 /* TodayExtensionDemoKit.h */,
				BCD1DCB51ACCF53A0022F47C /* ControlTodayViewDisplay.h */,
				BCD1DCB61ACCF53A0022F47C /* ControlTodayViewDisplay.m */,
				BCA4E63E1AC95D78007C1B71 /* Supporting Files */,
			);
			path = TodayExtensionDemoKit;
			sourceTree = "<group>";
		};
		BCA4E63E1AC95D78007C1B71 /* Supporting Files */ = {
			isa = PBXGroup;
			children = (
				BCA4E63F1AC95D78007C1B71 /* Info.plist */,
			);
			name = "Supporting Files";
			sourceTree = "<group>";
		};
		BCA4E64C1AC95D79007C1B71 /* TodayExtensionDemoKitTests */ = {
			isa = PBXGroup;
			children = (
				BCA4E64F1AC95D79007C1B71 /* TodayExtensionDemoKitTests.m */,
				BCA4E64D1AC95D79007C1B71 /* Supporting Files */,
			);
			path = TodayExtensionDemoKitTests;
			sourceTree = "<group>";
		};
		BCA4E64D1AC95D79007C1B71 /* Supporting Files */ = {
			isa = PBXGroup;
			children = (
				BCA4E64E1AC95D79007C1B71 /* Info.plist */,
			);
			name = "Supporting Files";
			sourceTree = "<group>";
		};
		BCD1DD011ACD6F100022F47C /* BXShareExtension */ = {
			isa = PBXGroup;
			children = (
				BCD1DD121ACD8DE80022F47C /* BXShareExtension.entitlements */,
				BCD1DD041ACD6F100022F47C /* ShareViewController.h */,
				BCD1DD051ACD6F100022F47C /* ShareViewController.m */,
				BCD1DD071ACD6F100022F47C /* MainInterface.storyboard */,
				BCD1DD021ACD6F100022F47C /* Supporting Files */,
			);
			path = BXShareExtension;
			sourceTree = "<group>";
		};
		BCD1DD021ACD6F100022F47C /* Supporting Files */ = {
			isa = PBXGroup;
			children = (
				BCD1DD031ACD6F100022F47C /* Info.plist */,
			);
			name = "Supporting Files";
			sourceTree = "<group>";
		};
		BCD1DD181ACDA7F50022F47C /* BXActionExtension */ = {
			isa = PBXGroup;
			children = (
				BCD1DD1B1ACDA7F50022F47C /* ActionViewController.h */,
				BCD1DD1C1ACDA7F50022F47C /* ActionViewController.m */,
				BCD1DD1E1ACDA7F50022F47C /* MainInterface.storyboard */,
				BCD1DD191ACDA7F50022F47C /* Supporting Files */,
			);
			path = BXActionExtension;
			sourceTree = "<group>";
		};
		BCD1DD191ACDA7F50022F47C /* Supporting Files */ = {
			isa = PBXGroup;
			children = (
				BCD1DD1A1ACDA7F50022F47C /* Info.plist */,
			);
			name = "Supporting Files";
			sourceTree = "<group>";
		};
		BCD1DD341ACDB1290022F47C /* BXPhotoEditingExtension */ = {
			isa = PBXGroup;
			children = (
				BCD1DD371ACDB1290022F47C /* PhotoEditingViewController.h */,
				BCD1DD381ACDB1290022F47C /* PhotoEditingViewController.m */,
				BCD1DD701ACDBF9C0022F47C /* BXImageProgress.h */,
				BCD1DD711ACDBF9C0022F47C /* BXImageProgress.m */,
				BCD1DD3A1ACDB1290022F47C /* MainInterface.storyboard */,
				BCD1DD351ACDB1290022F47C /* Supporting Files */,
			);
			path = BXPhotoEditingExtension;
			sourceTree = "<group>";
		};
		BCD1DD351ACDB1290022F47C /* Supporting Files */ = {
			isa = PBXGroup;
			children = (
				BCD1DD361ACDB1290022F47C /* Info.plist */,
			);
			name = "Supporting Files";
			sourceTree = "<group>";
		};
		BCEF0B2A1ACE36E6002ECAF4 /* BXProviderExtension */ = {
			isa = PBXGroup;
			children = (
				BCEF0B2E1ACE36E6002ECAF4 /* DocumentPickerViewController.h */,
				BCEF0B2F1ACE36E6002ECAF4 /* DocumentPickerViewController.m */,
				BCEF0B311ACE36E6002ECAF4 /* MainInterface.storyboard */,
				BCEF0B2B1ACE36E6002ECAF4 /* Supporting Files */,
			);
			path = BXProviderExtension;
			sourceTree = "<group>";
		};
		BCEF0B2B1ACE36E6002ECAF4 /* Supporting Files */ = {
			isa = PBXGroup;
			children = (
				BCEF0B2C1ACE36E6002ECAF4 /* Info.plist */,
				BCEF0B2D1ACE36E6002ECAF4 /* BXProviderExtension.entitlements */,
			);
			name = "Supporting Files";
			sourceTree = "<group>";
		};
		BCEF0B381ACE36E6002ECAF4 /* BXProviderExtensionFileProvider */ = {
			isa = PBXGroup;
			children = (
				BCEF0B3C1ACE36E6002ECAF4 /* FileProvider.h */,
				BCEF0B3D1ACE36E6002ECAF4 /* FileProvider.m */,
				BCEF0B391ACE36E6002ECAF4 /* Supporting Files */,
			);
			path = BXProviderExtensionFileProvider;
			sourceTree = "<group>";
		};
		BCEF0B391ACE36E6002ECAF4 /* Supporting Files */ = {
			isa = PBXGroup;
			children = (
				BCEF0B3A1ACE36E6002ECAF4 /* Info.plist */,
				BCEF0B3B1ACE36E6002ECAF4 /* BXProviderExtensionFileProvider.entitlements */,
			);
			name = "Supporting Files";
			sourceTree = "<group>";
		};
		BCEF0B501ACE40CE002ECAF4 /* BXKeyboardExtension */ = {
			isa = PBXGroup;
			children = (
				BCEF0B531ACE40CE002ECAF4 /* KeyboardViewController.h */,
				BCEF0B541ACE40CE002ECAF4 /* KeyboardViewController.m */,
				BCEF0B511ACE40CE002ECAF4 /* Supporting Files */,
			);
			path = BXKeyboardExtension;
			sourceTree = "<group>";
		};
		BCEF0B511ACE40CE002ECAF4 /* Supporting Files */ = {
			isa = PBXGroup;
			children = (
				BCEF0B521ACE40CE002ECAF4 /* Info.plist */,
			);
			name = "Supporting Files";
			sourceTree = "<group>";
		};
/* End PBXGroup section */

/* Begin PBXHeadersBuildPhase section */
		BC21838E1ACA5F7600628F2A /* Headers */ = {
			isa = PBXHeadersBuildPhase;
			buildActionMask = 2147483647;
			files = (
				BC2183BD1ACA60D700628F2A /* BXExtensionSystemMessage.h in Headers */,
				BC2183C71ACA63F600628F2A /* BXSharedUserDefaultsManager.h in Headers */,
				BC2183961ACA5F7600628F2A /* ExtensionDemoKit.h in Headers */,
			);
			runOnlyForDeploymentPostprocessing = 0;
		};
		BCA4E6391AC95D78007C1B71 /* Headers */ = {
			isa = PBXHeadersBuildPhase;
			buildActionMask = 2147483647;
			files = (
				BCD1DCB71ACCF53A0022F47C /* ControlTodayViewDisplay.h in Headers */,
				BCA4E6411AC95D79007C1B71 /* TodayExtensionDemoKit.h in Headers */,
			);
			runOnlyForDeploymentPostprocessing = 0;
		};
/* End PBXHeadersBuildPhase section */

/* Begin PBXNativeTarget section */
		BC2183901ACA5F7600628F2A /* ExtensionDemoKit */ = {
			isa = PBXNativeTarget;
			buildConfigurationList = BC2183AA1ACA5F7700628F2A /* Build configuration list for PBXNativeTarget "ExtensionDemoKit" */;
			buildPhases = (
				BC21838C1ACA5F7600628F2A /* Sources */,
				BC21838D1ACA5F7600628F2A /* Frameworks */,
				BC21838E1ACA5F7600628F2A /* Headers */,
				BC21838F1ACA5F7600628F2A /* Resources */,
			);
			buildRules = (
			);
			dependencies = (
			);
			name = ExtensionDemoKit;
			productName = ExtensionDemoKit;
			productReference = BC2183911ACA5F7600628F2A /* ExtensionDemoKit.framework */;
			productType = "com.apple.product-type.framework";
		};
		BC21839A1ACA5F7600628F2A /* ExtensionDemoKitTests */ = {
			isa = PBXNativeTarget;
			buildConfigurationList = BC2183AD1ACA5F7700628F2A /* Build configuration list for PBXNativeTarget "ExtensionDemoKitTests" */;
			buildPhases = (
				BC2183971ACA5F7600628F2A /* Sources */,
				BC2183981ACA5F7600628F2A /* Frameworks */,
				BC2183991ACA5F7600628F2A /* Resources */,
			);
			buildRules = (
			);
			dependencies = (
				BC21839E1ACA5F7600628F2A /* PBXTargetDependency */,
				BC2183A01ACA5F7600628F2A /* PBXTargetDependency */,
			);
			name = ExtensionDemoKitTests;
			productName = ExtensionDemoKitTests;
			productReference = BC21839B1ACA5F7600628F2A /* ExtensionDemoKitTests.xctest */;
			productType = "com.apple.product-type.bundle.unit-test";
		};
		BCA4E5DE1AC46DE8007C1B71 /* BXiOSExtensionDemo */ = {
			isa = PBXNativeTarget;
			buildConfigurationList = BCA4E6021AC46DE8007C1B71 /* Build configuration list for PBXNativeTarget "BXiOSExtensionDemo" */;
			buildPhases = (
				BCA4E5DB1AC46DE8007C1B71 /* Sources */,
				BCA4E5DC1AC46DE8007C1B71 /* Frameworks */,
				BCA4E5DD1AC46DE8007C1B71 /* Resources */,
				BCA4E61E1AC46E01007C1B71 /* Embed App Extensions */,
				BCA4E6581AC95D79007C1B71 /* Embed Frameworks */,
			);
			buildRules = (
			);
			dependencies = (
				BCA4E6191AC46E01007C1B71 /* PBXTargetDependency */,
				BCA4E6521AC95D79007C1B71 /* PBXTargetDependency */,
				BC2183A71ACA5F7600628F2A /* PBXTargetDependency */,
				BCD1DD0A1ACD6F100022F47C /* PBXTargetDependency */,
				BCD1DD211ACDA7F50022F47C /* PBXTargetDependency */,
				BCD1DD3D1ACDB1290022F47C /* PBXTargetDependency */,
				BCEF0B401ACE36E6002ECAF4 /* PBXTargetDependency */,
				BCEF0B431ACE36E7002ECAF4 /* PBXTargetDependency */,
				BCEF0B571ACE40CE002ECAF4 /* PBXTargetDependency */,
			);
			name = BXiOSExtensionDemo;
			productName = BXiOSExtensionDemo;
			productReference = BCA4E5DF1AC46DE8007C1B71 /* BXiOSExtensionDemo.app */;
			productType = "com.apple.product-type.application";
		};
		BCA4E5F71AC46DE8007C1B71 /* BXiOSExtensionDemoTests */ = {
			isa = PBXNativeTarget;
			buildConfigurationList = BCA4E6051AC46DE8007C1B71 /* Build configuration list for PBXNativeTarget "BXiOSExtensionDemoTests" */;
			buildPhases = (
				BCA4E5F41AC46DE8007C1B71 /* Sources */,
				BCA4E5F51AC46DE8007C1B71 /* Frameworks */,
				BCA4E5F61AC46DE8007C1B71 /* Resources */,
			);
			buildRules = (
			);
			dependencies = (
				BCA4E5FA1AC46DE8007C1B71 /* PBXTargetDependency */,
			);
			name = BXiOSExtensionDemoTests;
			productName = BXiOSExtensionDemoTests;
			productReference = BCA4E5F81AC46DE8007C1B71 /* BXiOSExtensionDemoTests.xctest */;
			productType = "com.apple.product-type.bundle.unit-test";
		};
		BCA4E60B1AC46E01007C1B71 /* BXTodayExtension */ = {
			isa = PBXNativeTarget;
			buildConfigurationList = BCA4E61B1AC46E01007C1B71 /* Build configuration list for PBXNativeTarget "BXTodayExtension" */;
			buildPhases = (
				BCA4E6081AC46E01007C1B71 /* Sources */,
				BCA4E6091AC46E01007C1B71 /* Frameworks */,
				BCA4E60A1AC46E01007C1B71 /* Resources */,
			);
			buildRules = (
			);
			dependencies = (
				BC2183B21ACA5FB300628F2A /* PBXTargetDependency */,
				BCA4E65E1AC95E7C007C1B71 /* PBXTargetDependency */,
			);
			name = BXTodayExtension;
			productName = BXTodayExtension;
			productReference = BCA4E60C1AC46E01007C1B71 /* BXTodayExtension.appex */;
			productType = "com.apple.product-type.app-extension";
		};
		BCA4E63B1AC95D78007C1B71 /* TodayExtensionDemoKit */ = {
			isa = PBXNativeTarget;
			buildConfigurationList = BCA4E6551AC95D79007C1B71 /* Build configuration list for PBXNativeTarget "TodayExtensionDemoKit" */;
			buildPhases = (
				BCA4E6371AC95D78007C1B71 /* Sources */,
				BCA4E6381AC95D78007C1B71 /* Frameworks */,
				BCA4E6391AC95D78007C1B71 /* Headers */,
				BCA4E63A1AC95D78007C1B71 /* Resources */,
			);
			buildRules = (
			);
			dependencies = (
			);
			name = TodayExtensionDemoKit;
			productName = TodayExtensionDemoKit;
			productReference = BCA4E63C1AC95D78007C1B71 /* TodayExtensionDemoKit.framework */;
			productType = "com.apple.product-type.framework";
		};
		BCA4E6451AC95D79007C1B71 /* TodayExtensionDemoKitTests */ = {
			isa = PBXNativeTarget;
			buildConfigurationList = BCA4E6591AC95D79007C1B71 /* Build configuration list for PBXNativeTarget "TodayExtensionDemoKitTests" */;
			buildPhases = (
				BCA4E6421AC95D79007C1B71 /* Sources */,
				BCA4E6431AC95D79007C1B71 /* Frameworks */,
				BCA4E6441AC95D79007C1B71 /* Resources */,
			);
			buildRules = (
			);
			dependencies = (
				BCA4E6491AC95D79007C1B71 /* PBXTargetDependency */,
				BCA4E64B1AC95D79007C1B71 /* PBXTargetDependency */,
			);
			name = TodayExtensionDemoKitTests;
			productName = TodayExtensionDemoKitTests;
			productReference = BCA4E6461AC95D79007C1B71 /* TodayExtensionDemoKitTests.xctest */;
			productType = "com.apple.product-type.bundle.unit-test";
		};
		BCD1DCFF1ACD6F100022F47C /* BXShareExtension */ = {
			isa = PBXNativeTarget;
			buildConfigurationList = BCD1DD0C1ACD6F110022F47C /* Build configuration list for PBXNativeTarget "BXShareExtension" */;
			buildPhases = (
				BCD1DCFC1ACD6F100022F47C /* Sources */,
				BCD1DCFD1ACD6F100022F47C /* Frameworks */,
				BCD1DCFE1ACD6F100022F47C /* Resources */,
			);
			buildRules = (
			);
			dependencies = (
			);
			name = BXShareExtension;
			productName = BXShareExtension;
			productReference = BCD1DD001ACD6F100022F47C /* BXShareExtension.appex */;
			productType = "com.apple.product-type.app-extension";
		};
		BCD1DD161ACDA7F50022F47C /* BXActionExtension */ = {
			isa = PBXNativeTarget;
			buildConfigurationList = BCD1DD231ACDA7F60022F47C /* Build configuration list for PBXNativeTarget "BXActionExtension" */;
			buildPhases = (
				BCD1DD131ACDA7F50022F47C /* Sources */,
				BCD1DD141ACDA7F50022F47C /* Frameworks */,
				BCD1DD151ACDA7F50022F47C /* Resources */,
			);
			buildRules = (
			);
			dependencies = (
			);
			name = BXActionExtension;
			productName = BXActionExtension;
			productReference = BCD1DD171ACDA7F50022F47C /* BXActionExtension.appex */;
			productType = "com.apple.product-type.app-extension";
		};
		BCD1DD2E1ACDB1290022F47C /* BXPhotoEditingExtension */ = {
			isa = PBXNativeTarget;
			buildConfigurationList = BCD1DD3F1ACDB12A0022F47C /* Build configuration list for PBXNativeTarget "BXPhotoEditingExtension" */;
			buildPhases = (
				BCD1DD2B1ACDB1290022F47C /* Sources */,
				BCD1DD2C1ACDB1290022F47C /* Frameworks */,
				BCD1DD2D1ACDB1290022F47C /* Resources */,
			);
			buildRules = (
			);
			dependencies = (
			);
			name = BXPhotoEditingExtension;
			productName = BXPhotoEditingExtension;
			productReference = BCD1DD2F1ACDB1290022F47C /* BXPhotoEditingExtension.appex */;
			productType = "com.apple.product-type.app-extension";
		};
		BCEF0B281ACE36E6002ECAF4 /* BXProviderExtension */ = {
			isa = PBXNativeTarget;
			buildConfigurationList = BCEF0B4A1ACE36E8002ECAF4 /* Build configuration list for PBXNativeTarget "BXProviderExtension" */;
			buildPhases = (
				BCEF0B251ACE36E6002ECAF4 /* Sources */,
				BCEF0B261ACE36E6002ECAF4 /* Frameworks */,
				BCEF0B271ACE36E6002ECAF4 /* Resources */,
			);
			buildRules = (
			);
			dependencies = (
			);
			name = BXProviderExtension;
			productName = BXProviderExtension;
			productReference = BCEF0B291ACE36E6002ECAF4 /* BXProviderExtension.appex */;
			productType = "com.apple.product-type.app-extension";
		};
		BCEF0B361ACE36E6002ECAF4 /* BXProviderExtensionFileProvider */ = {
			isa = PBXNativeTarget;
			buildConfigurationList = BCEF0B491ACE36E8002ECAF4 /* Build configuration list for PBXNativeTarget "BXProviderExtensionFileProvider" */;
			buildPhases = (
				BCEF0B331ACE36E6002ECAF4 /* Sources */,
				BCEF0B341ACE36E6002ECAF4 /* Frameworks */,
				BCEF0B351ACE36E6002ECAF4 /* Resources */,
			);
			buildRules = (
			);
			dependencies = (
			);
			name = BXProviderExtensionFileProvider;
			productName = BXProviderExtensionFileProvider;
			productReference = BCEF0B371ACE36E6002ECAF4 /* BXProviderExtensionFileProvider.appex */;
			productType = "com.apple.product-type.app-extension";
		};
		BCEF0B4E1ACE40CE002ECAF4 /* BXKeyboardExtension */ = {
			isa = PBXNativeTarget;
			buildConfigurationList = BCEF0B591ACE40D0002ECAF4 /* Build configuration list for PBXNativeTarget "BXKeyboardExtension" */;
			buildPhases = (
				BCEF0B4B1ACE40CE002ECAF4 /* Sources */,
				BCEF0B4C1ACE40CE002ECAF4 /* Frameworks */,
				BCEF0B4D1ACE40CE002ECAF4 /* Resources */,
			);
			buildRules = (
			);
			dependencies = (
			);
			name = BXKeyboardExtension;
			productName = BXKeyboardExtension;
			productReference = BCEF0B4F1ACE40CE002ECAF4 /* BXKeyboardExtension.appex */;
			productType = "com.apple.product-type.app-extension";
		};
/* End PBXNativeTarget section */

/* Begin PBXProject section */
		BCA4E5D71AC46DE8007C1B71 /* Project object */ = {
			isa = PBXProject;
			attributes = {
				CLASSPREFIX = BX;
				LastUpgradeCheck = 0620;
				ORGANIZATIONNAME = "彬潇";
				TargetAttributes = {
					BC2183901ACA5F7600628F2A = {
						CreatedOnToolsVersion = 6.2;
						DevelopmentTeam = TBMTVZDR9B;
					};
					BC21839A1ACA5F7600628F2A = {
						CreatedOnToolsVersion = 6.2;
						TestTargetID = BCA4E5DE1AC46DE8007C1B71;
					};
					BCA4E5DE1AC46DE8007C1B71 = {
						CreatedOnToolsVersion = 6.2;
						DevelopmentTeam = TBMTVZDR9B;
						SystemCapabilities = {
							com.apple.ApplicationGroups.iOS = {
								enabled = 1;
							};
						};
					};
					BCA4E5F71AC46DE8007C1B71 = {
						CreatedOnToolsVersion = 6.2;
						TestTargetID = BCA4E5DE1AC46DE8007C1B71;
					};
					BCA4E60B1AC46E01007C1B71 = {
						CreatedOnToolsVersion = 6.2;
						DevelopmentTeam = TBMTVZDR9B;
						SystemCapabilities = {
							com.apple.ApplicationGroups.iOS = {
								enabled = 1;
							};
						};
					};
					BCA4E63B1AC95D78007C1B71 = {
						CreatedOnToolsVersion = 6.2;
						DevelopmentTeam = TBMTVZDR9B;
					};
					BCA4E6451AC95D79007C1B71 = {
						CreatedOnToolsVersion = 6.2;
						TestTargetID = BCA4E5DE1AC46DE8007C1B71;
					};
					BCD1DCFF1ACD6F100022F47C = {
						CreatedOnToolsVersion = 6.2;
						DevelopmentTeam = TBMTVZDR9B;
						SystemCapabilities = {
							com.apple.ApplicationGroups.iOS = {
								enabled = 1;
							};
						};
					};
					BCD1DD161ACDA7F50022F47C = {
						CreatedOnToolsVersion = 6.2;
						DevelopmentTeam = TBMTVZDR9B;
					};
					BCD1DD2E1ACDB1290022F47C = {
						CreatedOnToolsVersion = 6.2;
						DevelopmentTeam = TBMTVZDR9B;
					};
					BCEF0B281ACE36E6002ECAF4 = {
						CreatedOnToolsVersion = 6.2;
						DevelopmentTeam = TBMTVZDR9B;
					};
					BCEF0B361ACE36E6002ECAF4 = {
						CreatedOnToolsVersion = 6.2;
						DevelopmentTeam = TBMTVZDR9B;
					};
					BCEF0B4E1ACE40CE002ECAF4 = {
						CreatedOnToolsVersion = 6.2;
						DevelopmentTeam = TBMTVZDR9B;
					};
				};
			};
			buildConfigurationList = BCA4E5DA1AC46DE8007C1B71 /* Build configuration list for PBXProject "BXiOSExtensionDemo" */;
			compatibilityVersion = "Xcode 3.2";
			developmentRegion = English;
			hasScannedForEncodings = 0;
			knownRegions = (
				en,
				Base,
			);
			mainGroup = BCA4E5D61AC46DE8007C1B71;
			productRefGroup = BCA4E5E01AC46DE8007C1B71 /* Products */;
			projectDirPath = "";
			projectRoot = "";
			targets = (
				BCA4E5DE1AC46DE8007C1B71 /* BXiOSExtensionDemo */,
				BCA4E5F71AC46DE8007C1B71 /* BXiOSExtensionDemoTests */,
				BCA4E60B1AC46E01007C1B71 /* BXTodayExtension */,
				BCA4E63B1AC95D78007C1B71 /* TodayExtensionDemoKit */,
				BCA4E6451AC95D79007C1B71 /* TodayExtensionDemoKitTests */,
				BC2183901ACA5F7600628F2A /* ExtensionDemoKit */,
				BC21839A1ACA5F7600628F2A /* ExtensionDemoKitTests */,
				BCD1DCFF1ACD6F100022F47C /* BXShareExtension */,
				BCD1DD161ACDA7F50022F47C /* BXActionExtension */,
				BCD1DD2E1ACDB1290022F47C /* BXPhotoEditingExtension */,
				BCEF0B281ACE36E6002ECAF4 /* BXProviderExtension */,
				BCEF0B361ACE36E6002ECAF4 /* BXProviderExtensionFileProvider */,
				BCEF0B4E1ACE40CE002ECAF4 /* BXKeyboardExtension */,
			);
		};
/* End PBXProject section */

/* Begin PBXResourcesBuildPhase section */
		BC21838F1ACA5F7600628F2A /* Resources */ = {
			isa = PBXResourcesBuildPhase;
			buildActionMask = 2147483647;
			files = (
			);
			runOnlyForDeploymentPostprocessing = 0;
		};
		BC2183991ACA5F7600628F2A /* Resources */ = {
			isa = PBXResourcesBuildPhase;
			buildActionMask = 2147483647;
			files = (
			);
			runOnlyForDeploymentPostprocessing = 0;
		};
		BCA4E5DD1AC46DE8007C1B71 /* Resources */ = {
			isa = PBXResourcesBuildPhase;
			buildActionMask = 2147483647;
			files = (
				BCA4E5EE1AC46DE8007C1B71 /* Main.storyboard in Resources */,
				BCA4E5F31AC46DE8007C1B71 /* LaunchScreen.xib in Resources */,
				BCD1DCC41ACD4A860022F47C /* 屏幕快照 2015-04-02 17.58.57.png in Resources */,
				BCA4E5F01AC46DE8007C1B71 /* Images.xcassets in Resources */,
			);
			runOnlyForDeploymentPostprocessing = 0;
		};
		BCA4E5F61AC46DE8007C1B71 /* Resources */ = {
			isa = PBXResourcesBuildPhase;
			buildActionMask = 2147483647;
			files = (
			);
			runOnlyForDeploymentPostprocessing = 0;
		};
		BCA4E60A1AC46E01007C1B71 /* Resources */ = {
			isa = PBXResourcesBuildPhase;
			buildActionMask = 2147483647;
			files = (
				BCA4E6171AC46E01007C1B71 /* MainInterface.storyboard in Resources */,
			);
			runOnlyForDeploymentPostprocessing = 0;
		};
		BCA4E63A1AC95D78007C1B71 /* Resources */ = {
			isa = PBXResourcesBuildPhase;
			buildActionMask = 2147483647;
			files = (
			);
			runOnlyForDeploymentPostprocessing = 0;
		};
		BCA4E6441AC95D79007C1B71 /* Resources */ = {
			isa = PBXResourcesBuildPhase;
			buildActionMask = 2147483647;
			files = (
			);
			runOnlyForDeploymentPostprocessing = 0;
		};
		BCD1DCFE1ACD6F100022F47C /* Resources */ = {
			isa = PBXResourcesBuildPhase;
			buildActionMask = 2147483647;
			files = (
				BCD1DD081ACD6F100022F47C /* MainInterface.storyboard in Resources */,
			);
			runOnlyForDeploymentPostprocessing = 0;
		};
		BCD1DD151ACDA7F50022F47C /* Resources */ = {
			isa = PBXResourcesBuildPhase;
			buildActionMask = 2147483647;
			files = (
				BCD1DD1F1ACDA7F50022F47C /* MainInterface.storyboard in Resources */,
			);
			runOnlyForDeploymentPostprocessing = 0;
		};
		BCD1DD2D1ACDB1290022F47C /* Resources */ = {
			isa = PBXResourcesBuildPhase;
			buildActionMask = 2147483647;
			files = (
				BCD1DD3B1ACDB1290022F47C /* MainInterface.storyboard in Resources */,
			);
			runOnlyForDeploymentPostprocessing = 0;
		};
		BCEF0B271ACE36E6002ECAF4 /* Resources */ = {
			isa = PBXResourcesBuildPhase;
			buildActionMask = 2147483647;
			files = (
				BCEF0B321ACE36E6002ECAF4 /* MainInterface.storyboard in Resources */,
			);
			runOnlyForDeploymentPostprocessing = 0;
		};
		BCEF0B351ACE36E6002ECAF4 /* Resources */ = {
			isa = PBXResourcesBuildPhase;
			buildActionMask = 2147483647;
			files = (
			);
			runOnlyForDeploymentPostprocessing = 0;
		};
		BCEF0B4D1ACE40CE002ECAF4 /* Resources */ = {
			isa = PBXResourcesBuildPhase;
			buildActionMask = 2147483647;
			files = (
			);
			runOnlyForDeploymentPostprocessing = 0;
		};
/* End PBXResourcesBuildPhase section */

/* Begin PBXSourcesBuildPhase section */
		BC21838C1ACA5F7600628F2A /* Sources */ = {
			isa = PBXSourcesBuildPhase;
			buildActionMask = 2147483647;
			files = (
				BC2183BE1ACA60D700628F2A /* BXExtensionSystemMessage.m in Sources */,
				BC2183C81ACA63F600628F2A /* BXSharedUserDefaultsManager.m in Sources */,
			);
			runOnlyForDeploymentPostprocessing = 0;
		};
		BC2183971ACA5F7600628F2A /* Sources */ = {
			isa = PBXSourcesBuildPhase;
			buildActionMask = 2147483647;
			files = (
				BC2183A51ACA5F7600628F2A /* ExtensionDemoKitTests.m in Sources */,
			);
			runOnlyForDeploymentPostprocessing = 0;
		};
		BCA4E5DB1AC46DE8007C1B71 /* Sources */ = {
			isa = PBXSourcesBuildPhase;
			buildActionMask = 2147483647;
			files = (
				BCD1DD281ACDAAC50022F47C /* BXActionViewController.m in Sources */,
				BCD1DCBF1ACD41EC0022F47C /* BXImageViewController.m in Sources */,
				BCD1DCC21ACD42030022F47C /* BXCameraViewController.m in Sources */,
				BCA4E5EB1AC46DE8007C1B71 /* ViewController.m in Sources */,
				BCD1DCBC1ACD41E00022F47C /* BXWeatherViewController.m in Sources */,
				BCA4E5E81AC46DE8007C1B71 /* AppDelegate.m in Sources */,
				BCA4E5E51AC46DE8007C1B71 /* main.m in Sources */,
			);
			runOnlyForDeploymentPostprocessing = 0;
		};
		BCA4E5F41AC46DE8007C1B71 /* Sources */ = {
			isa = PBXSourcesBuildPhase;
			buildActionMask = 2147483647;
			files = (
				BCA4E5FF1AC46DE8007C1B71 /* BXiOSExtensionDemoTests.m in Sources */,
			);
			runOnlyForDeploymentPostprocessing = 0;
		};
		BCA4E6081AC46E01007C1B71 /* Sources */ = {
			isa = PBXSourcesBuildPhase;
			buildActionMask = 2147483647;
			files = (
				BCA4E6151AC46E01007C1B71 /* TodayViewController.m in Sources */,
			);
			runOnlyForDeploymentPostprocessing = 0;
		};
		BCA4E6371AC95D78007C1B71 /* Sources */ = {
			isa = PBXSourcesBuildPhase;
			buildActionMask = 2147483647;
			files = (
				BCD1DCB81ACCF53A0022F47C /* ControlTodayViewDisplay.m in Sources */,
			);
			runOnlyForDeploymentPostprocessing = 0;
		};
		BCA4E6421AC95D79007C1B71 /* Sources */ = {
			isa = PBXSourcesBuildPhase;
			buildActionMask = 2147483647;
			files = (
				BCA4E6501AC95D79007C1B71 /* TodayExtensionDemoKitTests.m in Sources */,
			);
			runOnlyForDeploymentPostprocessing = 0;
		};
		BCD1DCFC1ACD6F100022F47C /* Sources */ = {
			isa = PBXSourcesBuildPhase;
			buildActionMask = 2147483647;
			files = (
				BCD1DD061ACD6F100022F47C /* ShareViewController.m in Sources */,
			);
			runOnlyForDeploymentPostprocessing = 0;
		};
		BCD1DD131ACDA7F50022F47C /* Sources */ = {
			isa = PBXSourcesBuildPhase;
			buildActionMask = 2147483647;
			files = (
				BCD1DD1D1ACDA7F50022F47C /* ActionViewController.m in Sources */,
			);
			runOnlyForDeploymentPostprocessing = 0;
		};
		BCD1DD2B1ACDB1290022F47C /* Sources */ = {
			isa = PBXSourcesBuildPhase;
			buildActionMask = 2147483647;
			files = (
				BCD1DD721ACDBF9C0022F47C /* BXImageProgress.m in Sources */,
				BCD1DD391ACDB1290022F47C /* PhotoEditingViewController.m in Sources */,
			);
			runOnlyForDeploymentPostprocessing = 0;
		};
		BCEF0B251ACE36E6002ECAF4 /* Sources */ = {
			isa = PBXSourcesBuildPhase;
			buildActionMask = 2147483647;
			files = (
				BCEF0B301ACE36E6002ECAF4 /* DocumentPickerViewController.m in Sources */,
			);
			runOnlyForDeploymentPostprocessing = 0;
		};
		BCEF0B331ACE36E6002ECAF4 /* Sources */ = {
			isa = PBXSourcesBuildPhase;
			buildActionMask = 2147483647;
			files = (
				BCEF0B3E1ACE36E6002ECAF4 /* FileProvider.m in Sources */,
			);
			runOnlyForDeploymentPostprocessing = 0;
		};
		BCEF0B4B1ACE40CE002ECAF4 /* Sources */ = {
			isa = PBXSourcesBuildPhase;
			buildActionMask = 2147483647;
			files = (
				BCEF0B551ACE40CE002ECAF4 /* KeyboardViewController.m in Sources */,
			);
			runOnlyForDeploymentPostprocessing = 0;
		};
/* End PBXSourcesBuildPhase section */

/* Begin PBXTargetDependency section */
		BC21839E1ACA5F7600628F2A /* PBXTargetDependency */ = {
			isa = PBXTargetDependency;
			target = BC2183901ACA5F7600628F2A /* ExtensionDemoKit */;
			targetProxy = BC21839D1ACA5F7600628F2A /* PBXContainerItemProxy */;
		};
		BC2183A01ACA5F7600628F2A /* PBXTargetDependency */ = {
			isa = PBXTargetDependency;
			target = BCA4E5DE1AC46DE8007C1B71 /* BXiOSExtensionDemo */;
			targetProxy = BC21839F1ACA5F7600628F2A /* PBXContainerItemProxy */;
		};
		BC2183A71ACA5F7600628F2A /* PBXTargetDependency */ = {
			isa = PBXTargetDependency;
			target = BC2183901ACA5F7600628F2A /* ExtensionDemoKit */;
			targetProxy = BC2183A61ACA5F7600628F2A /* PBXContainerItemProxy */;
		};
		BC2183B21ACA5FB300628F2A /* PBXTargetDependency */ = {
			isa = PBXTargetDependency;
			target = BC2183901ACA5F7600628F2A /* ExtensionDemoKit */;
			targetProxy = BC2183B11ACA5FB300628F2A /* PBXContainerItemProxy */;
		};
		BCA4E5FA1AC46DE8007C1B71 /* PBXTargetDependency */ = {
			isa = PBXTargetDependency;
			target = BCA4E5DE1AC46DE8007C1B71 /* BXiOSExtensionDemo */;
			targetProxy = BCA4E5F91AC46DE8007C1B71 /* PBXContainerItemProxy */;
		};
		BCA4E6191AC46E01007C1B71 /* PBXTargetDependency */ = {
			isa = PBXTargetDependency;
			target = BCA4E60B1AC46E01007C1B71 /* BXTodayExtension */;
			targetProxy = BCA4E6181AC46E01007C1B71 /* PBXContainerItemProxy */;
		};
		BCA4E6491AC95D79007C1B71 /* PBXTargetDependency */ = {
			isa = PBXTargetDependency;
			target = BCA4E63B1AC95D78007C1B71 /* TodayExtensionDemoKit */;
			targetProxy = BCA4E6481AC95D79007C1B71 /* PBXContainerItemProxy */;
		};
		BCA4E64B1AC95D79007C1B71 /* PBXTargetDependency */ = {
			isa = PBXTargetDependency;
			target = BCA4E5DE1AC46DE8007C1B71 /* BXiOSExtensionDemo */;
			targetProxy = BCA4E64A1AC95D79007C1B71 /* PBXContainerItemProxy */;
		};
		BCA4E6521AC95D79007C1B71 /* PBXTargetDependency */ = {
			isa = PBXTargetDependency;
			target = BCA4E63B1AC95D78007C1B71 /* TodayExtensionDemoKit */;
			targetProxy = BCA4E6511AC95D79007C1B71 /* PBXContainerItemProxy */;
		};
		BCA4E65E1AC95E7C007C1B71 /* PBXTargetDependency */ = {
			isa = PBXTargetDependency;
			target = BCA4E63B1AC95D78007C1B71 /* TodayExtensionDemoKit */;
			targetProxy = BCA4E65D1AC95E7C007C1B71 /* PBXContainerItemProxy */;
		};
		BCD1DD0A1ACD6F100022F47C /* PBXTargetDependency */ = {
			isa = PBXTargetDependency;
			target = BCD1DCFF1ACD6F100022F47C /* BXShareExtension */;
			targetProxy = BCD1DD091ACD6F100022F47C /* PBXContainerItemProxy */;
		};
		BCD1DD211ACDA7F50022F47C /* PBXTargetDependency */ = {
			isa = PBXTargetDependency;
			target = BCD1DD161ACDA7F50022F47C /* BXActionExtension */;
			targetProxy = BCD1DD201ACDA7F50022F47C /* PBXContainerItemProxy */;
		};
		BCD1DD3D1ACDB1290022F47C /* PBXTargetDependency */ = {
			isa = PBXTargetDependency;
			target = BCD1DD2E1ACDB1290022F47C /* BXPhotoEditingExtension */;
			targetProxy = BCD1DD3C1ACDB1290022F47C /* PBXContainerItemProxy */;
		};
		BCEF0B401ACE36E6002ECAF4 /* PBXTargetDependency */ = {
			isa = PBXTargetDependency;
			target = BCEF0B361ACE36E6002ECAF4 /* BXProviderExtensionFileProvider */;
			targetProxy = BCEF0B3F1ACE36E6002ECAF4 /* PBXContainerItemProxy */;
		};
		BCEF0B431ACE36E7002ECAF4 /* PBXTargetDependency */ = {
			isa = PBXTargetDependency;
			target = BCEF0B281ACE36E6002ECAF4 /* BXProviderExtension */;
			targetProxy = BCEF0B421ACE36E7002ECAF4 /* PBXContainerItemProxy */;
		};
		BCEF0B571ACE40CE002ECAF4 /* PBXTargetDependency */ = {
			isa = PBXTargetDependency;
			target = BCEF0B4E1ACE40CE002ECAF4 /* BXKeyboardExtension */;
			targetProxy = BCEF0B561ACE40CE002ECAF4 /* PBXContainerItemProxy */;
		};
/* End PBXTargetDependency section */

/* Begin PBXVariantGroup section */
		BCA4E5EC1AC46DE8007C1B71 /* Main.storyboard */ = {
			isa = PBXVariantGroup;
			children = (
				BCA4E5ED1AC46DE8007C1B71 /* Base */,
			);
			name = Main.storyboard;
			sourceTree = "<group>";
		};
		BCA4E5F11AC46DE8007C1B71 /* LaunchScreen.xib */ = {
			isa = PBXVariantGroup;
			children = (
				BCA4E5F21AC46DE8007C1B71 /* Base */,
			);
			name = LaunchScreen.xib;
			sourceTree = "<group>";
		};
/* End PBXVariantGroup section */

/* Begin XCBuildConfiguration section */
		BC2183AB1ACA5F7700628F2A /* Debug */ = {
			isa = XCBuildConfiguration;
			buildSettings = {
				APPLICATION_EXTENSION_API_ONLY = YES;
				CODE_SIGN_IDENTITY = "iPhone Developer";
				"CODE_SIGN_IDENTITY[sdk=iphoneos*]" = "iPhone Developer";
				CURRENT_PROJECT_VERSION = 1;
				DEFINES_MODULE = YES;
				DYLIB_COMPATIBILITY_VERSION = 1;
				DYLIB_CURRENT_VERSION = 1;
				DYLIB_INSTALL_NAME_BASE = "@rpath";
				GCC_PREPROCESSOR_DEFINITIONS = (
					"DEBUG=1",
					"$(inherited)",
				);
				INFOPLIST_FILE = ExtensionDemoKit/Info.plist;
				INSTALL_PATH = "$(LOCAL_LIBRARY_DIR)/Frameworks";
				LD_RUNPATH_SEARCH_PATHS = "$(inherited) @executable_path/Frameworks @loader_path/Frameworks";
				PRODUCT_NAME = "$(TARGET_NAME)";
				SKIP_INSTALL = YES;
				VERSIONING_SYSTEM = "apple-generic";
				VERSION_INFO_PREFIX = "";
			};
			name = Debug;
		};
		BC2183AC1ACA5F7700628F2A /* Release */ = {
			isa = XCBuildConfiguration;
			buildSettings = {
				APPLICATION_EXTENSION_API_ONLY = YES;
				CODE_SIGN_IDENTITY = "iPhone Developer";
				"CODE_SIGN_IDENTITY[sdk=iphoneos*]" = "iPhone Developer";
				CURRENT_PROJECT_VERSION = 1;
				DEFINES_MODULE = YES;
				DYLIB_COMPATIBILITY_VERSION = 1;
				DYLIB_CURRENT_VERSION = 1;
				DYLIB_INSTALL_NAME_BASE = "@rpath";
				INFOPLIST_FILE = ExtensionDemoKit/Info.plist;
				INSTALL_PATH = "$(LOCAL_LIBRARY_DIR)/Frameworks";
				LD_RUNPATH_SEARCH_PATHS = "$(inherited) @executable_path/Frameworks @loader_path/Frameworks";
				PRODUCT_NAME = "$(TARGET_NAME)";
				SKIP_INSTALL = YES;
				VERSIONING_SYSTEM = "apple-generic";
				VERSION_INFO_PREFIX = "";
			};
			name = Release;
		};
		BC2183AE1ACA5F7700628F2A /* Debug */ = {
			isa = XCBuildConfiguration;
			buildSettings = {
				FRAMEWORK_SEARCH_PATHS = (
					"$(SDKROOT)/Developer/Library/Frameworks",
					"$(inherited)",
				);
				GCC_PREPROCESSOR_DEFINITIONS = (
					"DEBUG=1",
					"$(inherited)",
				);
				INFOPLIST_FILE = ExtensionDemoKitTests/Info.plist;
				LD_RUNPATH_SEARCH_PATHS = "$(inherited) @executable_path/Frameworks @loader_path/Frameworks";
				PRODUCT_NAME = "$(TARGET_NAME)";
				TEST_HOST = "$(BUILT_PRODUCTS_DIR)/BXiOSExtensionDemo.app/BXiOSExtensionDemo";
			};
			name = Debug;
		};
		BC2183AF1ACA5F7700628F2A /* Release */ = {
			isa = XCBuildConfiguration;
			buildSettings = {
				FRAMEWORK_SEARCH_PATHS = (
					"$(SDKROOT)/Developer/Library/Frameworks",
					"$(inherited)",
				);
				INFOPLIST_FILE = ExtensionDemoKitTests/Info.plist;
				LD_RUNPATH_SEARCH_PATHS = "$(inherited) @executable_path/Frameworks @loader_path/Frameworks";
				PRODUCT_NAME = "$(TARGET_NAME)";
				TEST_HOST = "$(BUILT_PRODUCTS_DIR)/BXiOSExtensionDemo.app/BXiOSExtensionDemo";
			};
			name = Release;
		};
		BCA4E6001AC46DE8007C1B71 /* Debug */ = {
			isa = XCBuildConfiguration;
			buildSettings = {
				ALWAYS_SEARCH_USER_PATHS = NO;
				CLANG_CXX_LANGUAGE_STANDARD = "gnu++0x";
				CLANG_CXX_LIBRARY = "libc++";
				CLANG_ENABLE_MODULES = YES;
				CLANG_ENABLE_OBJC_ARC = YES;
				CLANG_WARN_BOOL_CONVERSION = YES;
				CLANG_WARN_CONSTANT_CONVERSION = YES;
				CLANG_WARN_DIRECT_OBJC_ISA_USAGE = YES_ERROR;
				CLANG_WARN_EMPTY_BODY = YES;
				CLANG_WARN_ENUM_CONVERSION = YES;
				CLANG_WARN_INT_CONVERSION = YES;
				CLANG_WARN_OBJC_ROOT_CLASS = YES_ERROR;
				CLANG_WARN_UNREACHABLE_CODE = YES;
				CLANG_WARN__DUPLICATE_METHOD_MATCH = YES;
				"CODE_SIGN_IDENTITY[sdk=iphoneos*]" = "iPhone Developer";
				COPY_PHASE_STRIP = NO;
				ENABLE_STRICT_OBJC_MSGSEND = YES;
				GCC_C_LANGUAGE_STANDARD = gnu99;
				GCC_DYNAMIC_NO_PIC = NO;
				GCC_OPTIMIZATION_LEVEL = 0;
				GCC_PREPROCESSOR_DEFINITIONS = (
					"DEBUG=1",
					"$(inherited)",
				);
				GCC_SYMBOLS_PRIVATE_EXTERN = NO;
				GCC_WARN_64_TO_32_BIT_CONVERSION = YES;
				GCC_WARN_ABOUT_RETURN_TYPE = YES_ERROR;
				GCC_WARN_UNDECLARED_SELECTOR = YES;
				GCC_WARN_UNINITIALIZED_AUTOS = YES_AGGRESSIVE;
				GCC_WARN_UNUSED_FUNCTION = YES;
				GCC_WARN_UNUSED_VARIABLE = YES;
				IPHONEOS_DEPLOYMENT_TARGET = 8.2;
				MTL_ENABLE_DEBUG_INFO = YES;
				ONLY_ACTIVE_ARCH = YES;
				SDKROOT = iphoneos;
				TARGETED_DEVICE_FAMILY = "1,2";
			};
			name = Debug;
		};
		BCA4E6011AC46DE8007C1B71 /* Release */ = {
			isa = XCBuildConfiguration;
			buildSettings = {
				ALWAYS_SEARCH_USER_PATHS = NO;
				CLANG_CXX_LANGUAGE_STANDARD = "gnu++0x";
				CLANG_CXX_LIBRARY = "libc++";
				CLANG_ENABLE_MODULES = YES;
				CLANG_ENABLE_OBJC_ARC = YES;
				CLANG_WARN_BOOL_CONVERSION = YES;
				CLANG_WARN_CONSTANT_CONVERSION = YES;
				CLANG_WARN_DIRECT_OBJC_ISA_USAGE = YES_ERROR;
				CLANG_WARN_EMPTY_BODY = YES;
				CLANG_WARN_ENUM_CONVERSION = YES;
				CLANG_WARN_INT_CONVERSION = YES;
				CLANG_WARN_OBJC_ROOT_CLASS = YES_ERROR;
				CLANG_WARN_UNREACHABLE_CODE = YES;
				CLANG_WARN__DUPLICATE_METHOD_MATCH = YES;
				"CODE_SIGN_IDENTITY[sdk=iphoneos*]" = "iPhone Developer";
				COPY_PHASE_STRIP = NO;
				ENABLE_NS_ASSERTIONS = NO;
				ENABLE_STRICT_OBJC_MSGSEND = YES;
				GCC_C_LANGUAGE_STANDARD = gnu99;
				GCC_WARN_64_TO_32_BIT_CONVERSION = YES;
				GCC_WARN_ABOUT_RETURN_TYPE = YES_ERROR;
				GCC_WARN_UNDECLARED_SELECTOR = YES;
				GCC_WARN_UNINITIALIZED_AUTOS = YES_AGGRESSIVE;
				GCC_WARN_UNUSED_FUNCTION = YES;
				GCC_WARN_UNUSED_VARIABLE = YES;
				IPHONEOS_DEPLOYMENT_TARGET = 8.2;
				MTL_ENABLE_DEBUG_INFO = NO;
				SDKROOT = iphoneos;
				TARGETED_DEVICE_FAMILY = "1,2";
				VALIDATE_PRODUCT = YES;
			};
			name = Release;
		};
		BCA4E6031AC46DE8007C1B71 /* Debug */ = {
			isa = XCBuildConfiguration;
			buildSettings = {
				ASSETCATALOG_COMPILER_APPICON_NAME = AppIcon;
				ASSETCATALOG_COMPILER_LAUNCHIMAGE_NAME = LaunchImage;
				CODE_SIGN_ENTITLEMENTS = BXiOSExtensionDemo/BXiOSExtensionDemo.entitlements;
				CODE_SIGN_IDENTITY = "iPhone Developer";
				"CODE_SIGN_IDENTITY[sdk=iphoneos*]" = "iPhone Developer";
				INFOPLIST_FILE = BXiOSExtensionDemo/Info.plist;
				LD_RUNPATH_SEARCH_PATHS = "$(inherited) @executable_path/Frameworks";
				PRODUCT_NAME = "$(TARGET_NAME)";
				PROVISIONING_PROFILE = "";
			};
			name = Debug;
		};
		BCA4E6041AC46DE8007C1B71 /* Release */ = {
			isa = XCBuildConfiguration;
			buildSettings = {
				ASSETCATALOG_COMPILER_APPICON_NAME = AppIcon;
				ASSETCATALOG_COMPILER_LAUNCHIMAGE_NAME = LaunchImage;
				CODE_SIGN_ENTITLEMENTS = BXiOSExtensionDemo/BXiOSExtensionDemo.entitlements;
				CODE_SIGN_IDENTITY = "iPhone Developer";
				"CODE_SIGN_IDENTITY[sdk=iphoneos*]" = "iPhone Developer";
				INFOPLIST_FILE = BXiOSExtensionDemo/Info.plist;
				LD_RUNPATH_SEARCH_PATHS = "$(inherited) @executable_path/Frameworks";
				PRODUCT_NAME = "$(TARGET_NAME)";
				PROVISIONING_PROFILE = "";
			};
			name = Release;
		};
		BCA4E6061AC46DE8007C1B71 /* Debug */ = {
			isa = XCBuildConfiguration;
			buildSettings = {
				BUNDLE_LOADER = "$(TEST_HOST)";
				FRAMEWORK_SEARCH_PATHS = (
					"$(SDKROOT)/Developer/Library/Frameworks",
					"$(inherited)",
				);
				GCC_PREPROCESSOR_DEFINITIONS = (
					"DEBUG=1",
					"$(inherited)",
				);
				INFOPLIST_FILE = BXiOSExtensionDemoTests/Info.plist;
				LD_RUNPATH_SEARCH_PATHS = "$(inherited) @executable_path/Frameworks @loader_path/Frameworks";
				PRODUCT_NAME = "$(TARGET_NAME)";
				TEST_HOST = "$(BUILT_PRODUCTS_DIR)/BXiOSExtensionDemo.app/BXiOSExtensionDemo";
			};
			name = Debug;
		};
		BCA4E6071AC46DE8007C1B71 /* Release */ = {
			isa = XCBuildConfiguration;
			buildSettings = {
				BUNDLE_LOADER = "$(TEST_HOST)";
				FRAMEWORK_SEARCH_PATHS = (
					"$(SDKROOT)/Developer/Library/Frameworks",
					"$(inherited)",
				);
				INFOPLIST_FILE = BXiOSExtensionDemoTests/Info.plist;
				LD_RUNPATH_SEARCH_PATHS = "$(inherited) @executable_path/Frameworks @loader_path/Frameworks";
				PRODUCT_NAME = "$(TARGET_NAME)";
				TEST_HOST = "$(BUILT_PRODUCTS_DIR)/BXiOSExtensionDemo.app/BXiOSExtensionDemo";
			};
			name = Release;
		};
		BCA4E61C1AC46E01007C1B71 /* Debug */ = {
			isa = XCBuildConfiguration;
			buildSettings = {
				CODE_SIGN_ENTITLEMENTS = BXTodayExtension/BXTodayExtension.entitlements;
				CODE_SIGN_IDENTITY = "iPhone Developer";
				"CODE_SIGN_IDENTITY[sdk=iphoneos*]" = "iPhone Developer";
				GCC_PREPROCESSOR_DEFINITIONS = (
					"DEBUG=1",
					"$(inherited)",
				);
				INFOPLIST_FILE = BXTodayExtension/Info.plist;
				LD_RUNPATH_SEARCH_PATHS = "$(inherited) @executable_path/Frameworks @executable_path/../../Frameworks";
				PRODUCT_NAME = "$(TARGET_NAME)";
				PROVISIONING_PROFILE = "";
				SKIP_INSTALL = YES;
			};
			name = Debug;
		};
		BCA4E61D1AC46E01007C1B71 /* Release */ = {
			isa = XCBuildConfiguration;
			buildSettings = {
				CODE_SIGN_ENTITLEMENTS = BXTodayExtension/BXTodayExtension.entitlements;
				CODE_SIGN_IDENTITY = "iPhone Developer";
				"CODE_SIGN_IDENTITY[sdk=iphoneos*]" = "iPhone Developer";
				INFOPLIST_FILE = BXTodayExtension/Info.plist;
				LD_RUNPATH_SEARCH_PATHS = "$(inherited) @executable_path/Frameworks @executable_path/../../Frameworks";
				PRODUCT_NAME = "$(TARGET_NAME)";
				PROVISIONING_PROFILE = "";
				SKIP_INSTALL = YES;
			};
			name = Release;
		};
		BCA4E6561AC95D79007C1B71 /* Debug */ = {
			isa = XCBuildConfiguration;
			buildSettings = {
				APPLICATION_EXTENSION_API_ONLY = YES;
				CODE_SIGN_IDENTITY = "iPhone Developer";
				"CODE_SIGN_IDENTITY[sdk=iphoneos*]" = "iPhone Developer";
				CURRENT_PROJECT_VERSION = 1;
				DEFINES_MODULE = YES;
				DYLIB_COMPATIBILITY_VERSION = 1;
				DYLIB_CURRENT_VERSION = 1;
				DYLIB_INSTALL_NAME_BASE = "@rpath";
				GCC_PREPROCESSOR_DEFINITIONS = (
					"DEBUG=1",
					"$(inherited)",
				);
				INFOPLIST_FILE = TodayExtensionDemoKit/Info.plist;
				INSTALL_PATH = "$(LOCAL_LIBRARY_DIR)/Frameworks";
				LD_RUNPATH_SEARCH_PATHS = "$(inherited) @executable_path/Frameworks @loader_path/Frameworks";
				PRODUCT_NAME = "$(TARGET_NAME)";
				SKIP_INSTALL = YES;
				VERSIONING_SYSTEM = "apple-generic";
				VERSION_INFO_PREFIX = "";
			};
			name = Debug;
		};
		BCA4E6571AC95D79007C1B71 /* Release */ = {
			isa = XCBuildConfiguration;
			buildSettings = {
				APPLICATION_EXTENSION_API_ONLY = YES;
				CODE_SIGN_IDENTITY = "iPhone Developer";
				"CODE_SIGN_IDENTITY[sdk=iphoneos*]" = "iPhone Developer";
				CURRENT_PROJECT_VERSION = 1;
				DEFINES_MODULE = YES;
				DYLIB_COMPATIBILITY_VERSION = 1;
				DYLIB_CURRENT_VERSION = 1;
				DYLIB_INSTALL_NAME_BASE = "@rpath";
				INFOPLIST_FILE = TodayExtensionDemoKit/Info.plist;
				INSTALL_PATH = "$(LOCAL_LIBRARY_DIR)/Frameworks";
				LD_RUNPATH_SEARCH_PATHS = "$(inherited) @executable_path/Frameworks @loader_path/Frameworks";
				PRODUCT_NAME = "$(TARGET_NAME)";
				SKIP_INSTALL = YES;
				VERSIONING_SYSTEM = "apple-generic";
				VERSION_INFO_PREFIX = "";
			};
			name = Release;
		};
		BCA4E65A1AC95D79007C1B71 /* Debug */ = {
			isa = XCBuildConfiguration;
			buildSettings = {
				FRAMEWORK_SEARCH_PATHS = (
					"$(SDKROOT)/Developer/Library/Frameworks",
					"$(inherited)",
				);
				GCC_PREPROCESSOR_DEFINITIONS = (
					"DEBUG=1",
					"$(inherited)",
				);
				INFOPLIST_FILE = TodayExtensionDemoKitTests/Info.plist;
				LD_RUNPATH_SEARCH_PATHS = "$(inherited) @executable_path/Frameworks @loader_path/Frameworks";
				PRODUCT_NAME = "$(TARGET_NAME)";
				TEST_HOST = "$(BUILT_PRODUCTS_DIR)/BXiOSExtensionDemo.app/BXiOSExtensionDemo";
			};
			name = Debug;
		};
		BCA4E65B1AC95D79007C1B71 /* Release */ = {
			isa = XCBuildConfiguration;
			buildSettings = {
				FRAMEWORK_SEARCH_PATHS = (
					"$(SDKROOT)/Developer/Library/Frameworks",
					"$(inherited)",
				);
				INFOPLIST_FILE = TodayExtensionDemoKitTests/Info.plist;
				LD_RUNPATH_SEARCH_PATHS = "$(inherited) @executable_path/Frameworks @loader_path/Frameworks";
				PRODUCT_NAME = "$(TARGET_NAME)";
				TEST_HOST = "$(BUILT_PRODUCTS_DIR)/BXiOSExtensionDemo.app/BXiOSExtensionDemo";
			};
			name = Release;
		};
		BCD1DD0D1ACD6F110022F47C /* Debug */ = {
			isa = XCBuildConfiguration;
			buildSettings = {
				CODE_SIGN_ENTITLEMENTS = BXShareExtension/BXShareExtension.entitlements;
				CODE_SIGN_IDENTITY = "iPhone Developer";
				"CODE_SIGN_IDENTITY[sdk=iphoneos*]" = "iPhone Developer";
				GCC_PREPROCESSOR_DEFINITIONS = (
					"DEBUG=1",
					"$(inherited)",
				);
				INFOPLIST_FILE = BXShareExtension/Info.plist;
				LD_RUNPATH_SEARCH_PATHS = "$(inherited) @executable_path/Frameworks @executable_path/../../Frameworks";
				PRODUCT_NAME = "$(TARGET_NAME)";
				PROVISIONING_PROFILE = "";
				SKIP_INSTALL = YES;
			};
			name = Debug;
		};
		BCD1DD0E1ACD6F110022F47C /* Release */ = {
			isa = XCBuildConfiguration;
			buildSettings = {
				CODE_SIGN_ENTITLEMENTS = BXShareExtension/BXShareExtension.entitlements;
				CODE_SIGN_IDENTITY = "iPhone Developer";
				"CODE_SIGN_IDENTITY[sdk=iphoneos*]" = "iPhone Developer";
				INFOPLIST_FILE = BXShareExtension/Info.plist;
				LD_RUNPATH_SEARCH_PATHS = "$(inherited) @executable_path/Frameworks @executable_path/../../Frameworks";
				PRODUCT_NAME = "$(TARGET_NAME)";
				PROVISIONING_PROFILE = "";
				SKIP_INSTALL = YES;
			};
			name = Release;
		};
		BCD1DD241ACDA7F60022F47C /* Debug */ = {
			isa = XCBuildConfiguration;
			buildSettings = {
				CODE_SIGN_IDENTITY = "iPhone Developer";
				"CODE_SIGN_IDENTITY[sdk=iphoneos*]" = "iPhone Developer";
				GCC_PREPROCESSOR_DEFINITIONS = (
					"DEBUG=1",
					"$(inherited)",
				);
				INFOPLIST_FILE = BXActionExtension/Info.plist;
				LD_RUNPATH_SEARCH_PATHS = "$(inherited) @executable_path/Frameworks @executable_path/../../Frameworks";
				PRODUCT_NAME = "$(TARGET_NAME)";
				SKIP_INSTALL = YES;
			};
			name = Debug;
		};
		BCD1DD251ACDA7F60022F47C /* Release */ = {
			isa = XCBuildConfiguration;
			buildSettings = {
				CODE_SIGN_IDENTITY = "iPhone Developer";
				"CODE_SIGN_IDENTITY[sdk=iphoneos*]" = "iPhone Developer";
				INFOPLIST_FILE = BXActionExtension/Info.plist;
				LD_RUNPATH_SEARCH_PATHS = "$(inherited) @executable_path/Frameworks @executable_path/../../Frameworks";
				PRODUCT_NAME = "$(TARGET_NAME)";
				SKIP_INSTALL = YES;
			};
			name = Release;
		};
		BCD1DD401ACDB12A0022F47C /* Debug */ = {
			isa = XCBuildConfiguration;
			buildSettings = {
				CODE_SIGN_IDENTITY = "iPhone Developer";
				"CODE_SIGN_IDENTITY[sdk=iphoneos*]" = "iPhone Developer";
				DEFINES_MODULE = NO;
				GCC_PREPROCESSOR_DEFINITIONS = (
					"DEBUG=1",
					"$(inherited)",
				);
				INFOPLIST_FILE = BXPhotoEditingExtension/Info.plist;
				LD_RUNPATH_SEARCH_PATHS = "$(inherited) @executable_path/Frameworks @executable_path/../../Frameworks";
				PRODUCT_NAME = "$(TARGET_NAME)";
				SKIP_INSTALL = YES;
			};
			name = Debug;
		};
		BCD1DD411ACDB12A0022F47C /* Release */ = {
			isa = XCBuildConfiguration;
			buildSettings = {
				CODE_SIGN_IDENTITY = "iPhone Developer";
				"CODE_SIGN_IDENTITY[sdk=iphoneos*]" = "iPhone Developer";
				DEFINES_MODULE = NO;
				INFOPLIST_FILE = BXPhotoEditingExtension/Info.plist;
				LD_RUNPATH_SEARCH_PATHS = "$(inherited) @executable_path/Frameworks @executable_path/../../Frameworks";
				PRODUCT_NAME = "$(TARGET_NAME)";
				SKIP_INSTALL = YES;
			};
			name = Release;
		};
		BCEF0B451ACE36E8002ECAF4 /* Debug */ = {
			isa = XCBuildConfiguration;
			buildSettings = {
				CODE_SIGN_ENTITLEMENTS = BXProviderExtension/BXProviderExtension.entitlements;
				CODE_SIGN_IDENTITY = "iPhone Developer";
				"CODE_SIGN_IDENTITY[sdk=iphoneos*]" = "iPhone Developer";
				GCC_PREPROCESSOR_DEFINITIONS = (
					"DEBUG=1",
					"$(inherited)",
				);
				INFOPLIST_FILE = BXProviderExtension/Info.plist;
				LD_RUNPATH_SEARCH_PATHS = "$(inherited) @executable_path/Frameworks @executable_path/../../Frameworks";
				PRODUCT_NAME = "$(TARGET_NAME)";
				PROVISIONING_PROFILE = "";
				SKIP_INSTALL = YES;
			};
			name = Debug;
		};
		BCEF0B461ACE36E8002ECAF4 /* Release */ = {
			isa = XCBuildConfiguration;
			buildSettings = {
				CODE_SIGN_ENTITLEMENTS = BXProviderExtension/BXProviderExtension.entitlements;
				CODE_SIGN_IDENTITY = "iPhone Developer";
				"CODE_SIGN_IDENTITY[sdk=iphoneos*]" = "iPhone Developer";
				INFOPLIST_FILE = BXProviderExtension/Info.plist;
				LD_RUNPATH_SEARCH_PATHS = "$(inherited) @executable_path/Frameworks @executable_path/../../Frameworks";
				PRODUCT_NAME = "$(TARGET_NAME)";
				PROVISIONING_PROFILE = "";
				SKIP_INSTALL = YES;
			};
			name = Release;
		};
		BCEF0B471ACE36E8002ECAF4 /* Debug */ = {
			isa = XCBuildConfiguration;
			buildSettings = {
				CODE_SIGN_ENTITLEMENTS = BXProviderExtensionFileProvider/BXProviderExtensionFileProvider.entitlements;
				CODE_SIGN_IDENTITY = "iPhone Developer";
				"CODE_SIGN_IDENTITY[sdk=iphoneos*]" = "iPhone Developer";
				GCC_PREPROCESSOR_DEFINITIONS = (
					"DEBUG=1",
					"$(inherited)",
				);
				INFOPLIST_FILE = BXProviderExtensionFileProvider/Info.plist;
				LD_RUNPATH_SEARCH_PATHS = "$(inherited) @executable_path/Frameworks @executable_path/../../Frameworks";
				PRODUCT_NAME = "$(TARGET_NAME)";
				PROVISIONING_PROFILE = "";
				SKIP_INSTALL = YES;
			};
			name = Debug;
		};
		BCEF0B481ACE36E8002ECAF4 /* Release */ = {
			isa = XCBuildConfiguration;
			buildSettings = {
				CODE_SIGN_ENTITLEMENTS = BXProviderExtensionFileProvider/BXProviderExtensionFileProvider.entitlements;
				CODE_SIGN_IDENTITY = "iPhone Developer";
				"CODE_SIGN_IDENTITY[sdk=iphoneos*]" = "iPhone Developer";
				INFOPLIST_FILE = BXProviderExtensionFileProvider/Info.plist;
				LD_RUNPATH_SEARCH_PATHS = "$(inherited) @executable_path/Frameworks @executable_path/../../Frameworks";
				PRODUCT_NAME = "$(TARGET_NAME)";
				PROVISIONING_PROFILE = "";
				SKIP_INSTALL = YES;
			};
			name = Release;
		};
		BCEF0B5A1ACE40D0002ECAF4 /* Debug */ = {
			isa = XCBuildConfiguration;
			buildSettings = {
				CODE_SIGN_IDENTITY = "iPhone Developer";
				"CODE_SIGN_IDENTITY[sdk=iphoneos*]" = "iPhone Developer";
				GCC_PREPROCESSOR_DEFINITIONS = (
					"DEBUG=1",
					"$(inherited)",
				);
				INFOPLIST_FILE = BXKeyboardExtension/Info.plist;
				LD_RUNPATH_SEARCH_PATHS = "$(inherited) @executable_path/Frameworks @executable_path/../../Frameworks";
				PRODUCT_NAME = "$(TARGET_NAME)";
				SKIP_INSTALL = YES;
			};
			name = Debug;
		};
		BCEF0B5B1ACE40D0002ECAF4 /* Release */ = {
			isa = XCBuildConfiguration;
			buildSettings = {
				CODE_SIGN_IDENTITY = "iPhone Developer";
				"CODE_SIGN_IDENTITY[sdk=iphoneos*]" = "iPhone Developer";
				INFOPLIST_FILE = BXKeyboardExtension/Info.plist;
				LD_RUNPATH_SEARCH_PATHS = "$(inherited) @executable_path/Frameworks @executable_path/../../Frameworks";
				PRODUCT_NAME = "$(TARGET_NAME)";
				SKIP_INSTALL = YES;
			};
			name = Release;
		};
/* End XCBuildConfiguration section */

/* Begin XCConfigurationList section */
		BC2183AA1ACA5F7700628F2A /* Build configuration list for PBXNativeTarget "ExtensionDemoKit" */ = {
			isa = XCConfigurationList;
			buildConfigurations = (
				BC2183AB1ACA5F7700628F2A /* Debug */,
				BC2183AC1ACA5F7700628F2A /* Release */,
			);
			defaultConfigurationIsVisible = 0;
			defaultConfigurationName = Release;
		};
		BC2183AD1ACA5F7700628F2A /* Build configuration list for PBXNativeTarget "ExtensionDemoKitTests" */ = {
			isa = XCConfigurationList;
			buildConfigurations = (
				BC2183AE1ACA5F7700628F2A /* Debug */,
				BC2183AF1ACA5F7700628F2A /* Release */,
			);
			defaultConfigurationIsVisible = 0;
			defaultConfigurationName = Release;
		};
		BCA4E5DA1AC46DE8007C1B71 /* Build configuration list for PBXProject "BXiOSExtensionDemo" */ = {
			isa = XCConfigurationList;
			buildConfigurations = (
				BCA4E6001AC46DE8007C1B71 /* Debug */,
				BCA4E6011AC46DE8007C1B71 /* Release */,
			);
			defaultConfigurationIsVisible = 0;
			defaultConfigurationName = Release;
		};
		BCA4E6021AC46DE8007C1B71 /* Build configuration list for PBXNativeTarget "BXiOSExtensionDemo" */ = {
			isa = XCConfigurationList;
			buildConfigurations = (
				BCA4E6031AC46DE8007C1B71 /* Debug */,
				BCA4E6041AC46DE8007C1B71 /* Release */,
			);
			defaultConfigurationIsVisible = 0;
			defaultConfigurationName = Release;
		};
		BCA4E6051AC46DE8007C1B71 /* Build configuration list for PBXNativeTarget "BXiOSExtensionDemoTests" */ = {
			isa = XCConfigurationList;
			buildConfigurations = (
				BCA4E6061AC46DE8007C1B71 /* Debug */,
				BCA4E6071AC46DE8007C1B71 /* Release */,
			);
			defaultConfigurationIsVisible = 0;
			defaultConfigurationName = Release;
		};
		BCA4E61B1AC46E01007C1B71 /* Build configuration list for PBXNativeTarget "BXTodayExtension" */ = {
			isa = XCConfigurationList;
			buildConfigurations = (
				BCA4E61C1AC46E01007C1B71 /* Debug */,
				BCA4E61D1AC46E01007C1B71 /* Release */,
			);
			defaultConfigurationIsVisible = 0;
			defaultConfigurationName = Release;
		};
		BCA4E6551AC95D79007C1B71 /* Build configuration list for PBXNativeTarget "TodayExtensionDemoKit" */ = {
			isa = XCConfigurationList;
			buildConfigurations = (
				BCA4E6561AC95D79007C1B71 /* Debug */,
				BCA4E6571AC95D79007C1B71 /* Release */,
			);
			defaultConfigurationIsVisible = 0;
			defaultConfigurationName = Release;
		};
		BCA4E6591AC95D79007C1B71 /* Build configuration list for PBXNativeTarget "TodayExtensionDemoKitTests" */ = {
			isa = XCConfigurationList;
			buildConfigurations = (
				BCA4E65A1AC95D79007C1B71 /* Debug */,
				BCA4E65B1AC95D79007C1B71 /* Release */,
			);
			defaultConfigurationIsVisible = 0;
			defaultConfigurationName = Release;
		};
		BCD1DD0C1ACD6F110022F47C /* Build configuration list for PBXNativeTarget "BXShareExtension" */ = {
			isa = XCConfigurationList;
			buildConfigurations = (
				BCD1DD0D1ACD6F110022F47C /* Debug */,
				BCD1DD0E1ACD6F110022F47C /* Release */,
			);
			defaultConfigurationIsVisible = 0;
			defaultConfigurationName = Release;
		};
		BCD1DD231ACDA7F60022F47C /* Build configuration list for PBXNativeTarget "BXActionExtension" */ = {
			isa = XCConfigurationList;
			buildConfigurations = (
				BCD1DD241ACDA7F60022F47C /* Debug */,
				BCD1DD251ACDA7F60022F47C /* Release */,
			);
			defaultConfigurationIsVisible = 0;
			defaultConfigurationName = Release;
		};
		BCD1DD3F1ACDB12A0022F47C /* Build configuration list for PBXNativeTarget "BXPhotoEditingExtension" */ = {
			isa = XCConfigurationList;
			buildConfigurations = (
				BCD1DD401ACDB12A0022F47C /* Debug */,
				BCD1DD411ACDB12A0022F47C /* Release */,
			);
			defaultConfigurationIsVisible = 0;
			defaultConfigurationName = Release;
		};
		BCEF0B491ACE36E8002ECAF4 /* Build configuration list for PBXNativeTarget "BXProviderExtensionFileProvider" */ = {
			isa = XCConfigurationList;
			buildConfigurations = (
				BCEF0B471ACE36E8002ECAF4 /* Debug */,
				BCEF0B481ACE36E8002ECAF4 /* Release */,
			);
			defaultConfigurationIsVisible = 0;
		};
		BCEF0B4A1ACE36E8002ECAF4 /* Build configuration list for PBXNativeTarget "BXProviderExtension" */ = {
			isa = XCConfigurationList;
			buildConfigurations = (
				BCEF0B451ACE36E8002ECAF4 /* Debug */,
				BCEF0B461ACE36E8002ECAF4 /* Release */,
			);
			defaultConfigurationIsVisible = 0;
		};
		BCEF0B591ACE40D0002ECAF4 /* Build configuration list for PBXNativeTarget "BXKeyboardExtension" */ = {
			isa = XCConfigurationList;
			buildConfigurations = (
				BCEF0B5A1ACE40D0002ECAF4 /* Debug */,
				BCEF0B5B1ACE40D0002ECAF4 /* Release */,
			);
			defaultConfigurationIsVisible = 0;
		};
/* End XCConfigurationList section */
	};
	rootObject = BCA4E5D71AC46DE8007C1B71 /* Project object */;
}
